{
  "version": 4,
  "terraform_version": "0.13.5",
  "serial": 7,
  "lineage": "9996c6c8-6ed3-d52b-eb5c-c1421c770284",
  "outputs": {},
  "resources": [
    {
      "mode": "data",
      "type": "ncloud_route_table",
      "name": "priv-subnet-route-table",
      "provider": "provider[\"registry.terraform.io/navercloudplatform/ncloud\"]",
      "instances": [
        {
          "schema_version": 0,
          "attributes": {
            "description": "VPC [tf-kcg-vpc01] default Route Table for private Subnet",
            "filter": [
              {
                "name": "is_default",
                "regex": false,
                "values": [
                  "true"
                ]
              }
            ],
            "id": "18892",
            "is_default": true,
            "name": "tf-kcg-vpc01-default-private-table",
            "route_table_no": "18892",
            "supported_subnet_type": "PRIVATE",
            "vpc_no": "11403"
          }
        }
      ]
    },
    {
      "mode": "data",
      "type": "ncloud_vpc",
      "name": "vpc",
      "provider": "provider[\"registry.terraform.io/navercloudplatform/ncloud\"]",
      "instances": [
        {
          "schema_version": 0,
          "attributes": {
            "default_access_control_group_no": null,
            "default_network_acl_no": null,
            "default_private_route_table_no": null,
            "default_public_route_table_no": null,
            "filter": null,
            "id": "11403",
            "ipv4_cidr_block": "10.200.0.0/16",
            "name": "tf-kcg-vpc01",
            "vpc_no": "11403"
          }
        }
      ]
    },
    {
      "mode": "managed",
      "type": "ncloud_nat_gateway",
      "name": "nat_gateway_zone1",
      "provider": "provider[\"registry.terraform.io/navercloudplatform/ncloud\"]",
      "instances": [
        {
          "schema_version": 0,
          "attributes": {
            "description": "",
            "id": "7536111",
            "name": "tf-kcg-vpc01-natgw01",
            "nat_gateway_no": "7536111",
            "public_ip": "221.168.35.123",
            "vpc_no": "11403",
            "zone": "FKR-2"
          },
          "private": "bnVsbA==",
          "dependencies": [
            "data.ncloud_vpc.vpc"
          ]
        }
      ]
    },
    {
      "mode": "managed",
      "type": "ncloud_nat_gateway",
      "name": "nat_gateway_zone2",
      "provider": "provider[\"registry.terraform.io/navercloudplatform/ncloud\"]",
      "instances": [
        {
          "schema_version": 0,
          "attributes": {
            "description": "",
            "id": "7536110",
            "name": "tf-kcg-vpc01-natgw02",
            "nat_gateway_no": "7536110",
            "public_ip": "1.254.228.138",
            "vpc_no": "11403",
            "zone": "FKR-1"
          },
          "private": "bnVsbA==",
          "dependencies": [
            "data.ncloud_vpc.vpc"
          ]
        }
      ]
    },
    {
      "mode": "managed",
      "type": "ncloud_route",
      "name": "add-natgw-zone2",
      "provider": "provider[\"registry.terraform.io/navercloudplatform/ncloud\"]",
      "instances": [
        {
          "schema_version": 0,
          "attributes": {
            "destination_cidr_block": "128.0.0.0/1",
            "id": "route-1285261465",
            "is_default": false,
            "route_table_no": "18892",
            "target_name": "tf-kcg-vpc01-natgw02",
            "target_no": "7536110",
            "target_type": "NATGW",
            "vpc_no": "11403"
          },
          "private": "bnVsbA==",
          "dependencies": [
            "data.ncloud_route_table.priv-subnet-route-table",
            "ncloud_nat_gateway.nat_gateway_zone2"
          ]
        }
      ]
    }
  ]
}
