{
  "version": 4,
  "terraform_version": "0.13.5",
  "serial": 39,
  "lineage": "8ce0ed87-c21b-89e9-dbac-e8c6f1a00f12",
  "outputs": {},
  "resources": [
    {
      "mode": "data",
      "type": "ncloud_access_control_group",
      "name": "acg",
      "provider": "provider[\"registry.terraform.io/navercloudplatform/ncloud\"]",
      "instances": [
        {
          "schema_version": 0,
          "attributes": {
            "access_control_group_no": "16674",
            "configuration_no": null,
            "description": "",
            "filter": null,
            "id": "16674",
            "is_default": false,
            "is_default_group": null,
            "name": "tf-kcg-vpc01-acg",
            "vpc_no": "11403"
          }
        }
      ]
    },
    {
      "mode": "data",
      "type": "ncloud_init_script",
      "name": "init-exechost2",
      "provider": "provider[\"registry.terraform.io/navercloudplatform/ncloud\"]",
      "instances": [
        {
          "schema_version": 0,
          "attributes": {
            "description": "",
            "filter": null,
            "id": "11987",
            "init_script_no": "11987",
            "name": "tf-init-exechost-centos",
            "os_type": "LNX"
          }
        }
      ]
    },
    {
      "mode": "data",
      "type": "ncloud_subnet",
      "name": "exechost2_priv_subnet",
      "provider": "provider[\"registry.terraform.io/navercloudplatform/ncloud\"]",
      "instances": [
        {
          "schema_version": 0,
          "attributes": {
            "filter": [
              {
                "name": "name",
                "regex": false,
                "values": [
                  "tf-kcg-vpc01-priv-subnet1"
                ]
              }
            ],
            "id": "16462",
            "name": "tf-kcg-vpc01-priv-subnet1",
            "network_acl_no": "14149",
            "subnet": "10.200.20.0/24",
            "subnet_no": "16462",
            "subnet_type": "PRIVATE",
            "usage_type": "GEN",
            "vpc_no": "11403",
            "zone": "FKR-2"
          }
        }
      ]
    },
    {
      "mode": "data",
      "type": "ncloud_vpc",
      "name": "vpc",
      "provider": "provider[\"registry.terraform.io/navercloudplatform/ncloud\"]",
      "instances": [
        {
          "schema_version": 0,
          "attributes": {
            "default_access_control_group_no": null,
            "default_network_acl_no": null,
            "default_private_route_table_no": null,
            "default_public_route_table_no": null,
            "filter": null,
            "id": "11403",
            "ipv4_cidr_block": "10.200.0.0/16",
            "name": "tf-kcg-vpc01",
            "vpc_no": "11403"
          }
        }
      ]
    },
    {
      "mode": "managed",
      "type": "ncloud_block_storage",
      "name": "exechost2-addstorage",
      "provider": "provider[\"registry.terraform.io/navercloudplatform/ncloud\"]",
      "instances": [
        {
          "index_key": 0,
          "schema_version": 0,
          "attributes": {
            "block_storage_no": "7548357",
            "description": "",
            "device_name": "/dev/xvdb",
            "disk_detail_type": "SSD",
            "disk_type": "NET",
            "id": "7548357",
            "name": "tf-kcg-exechost2-server1-add1",
            "product_code": "SPBSTBSTAD000006",
            "server_instance_no": "7548229",
            "server_name": null,
            "size": 100,
            "snapshot_no": null,
            "status": "ATTAC",
            "timeouts": null,
            "type": "SVRBS",
            "zone": "FKR-2"
          }
        },
        {
          "index_key": 1,
          "schema_version": 0,
          "attributes": {
            "block_storage_no": "7548356",
            "description": "",
            "device_name": "/dev/xvdb",
            "disk_detail_type": "SSD",
            "disk_type": "NET",
            "id": "7548356",
            "name": "tf-kcg-exechost2-server2-add2",
            "product_code": "SPBSTBSTAD000006",
            "server_instance_no": "7548230",
            "server_name": null,
            "size": 100,
            "snapshot_no": null,
            "status": "ATTAC",
            "timeouts": null,
            "type": "SVRBS",
            "zone": "FKR-2"
          }
        }
      ]
    },
    {
      "mode": "managed",
      "type": "ncloud_login_key",
      "name": "loginkey",
      "provider": "provider[\"registry.terraform.io/navercloudplatform/ncloud\"]",
      "instances": [
        {
          "schema_version": 0,
          "attributes": {
            "fingerprint": "c5:1b:83:12:9c:06:80:7f:af:74:17:16:bc:0f:99:ba",
            "id": "Terraform-kcg-exechost2-key",
            "key_name": "Terraform-kcg-exechost2-key",
            "private_key": "-----BEGIN RSA PRIVATE KEY-----\nMIIEogIBAAKCAQEAiTgFlry67VLqXvhqlqeWiUXX+zuQLc4JoZt/FNidcpuwlkP5\nMABBSxtl3vobhqHB//wNVmNCl1+KgI+VJpKGiE7h9pvy6ffQyxBiiFUoMrAt7RSS\nMU+job8XRqHF4pQzGZ3pLkO+WR09zm0vU7X0BtgQTMSnOJBndM6Nw54MMjPoXe0e\n3XDMfZ+RQwvlXza94wio9rbf5pGhfBI2IJX+JjJ5YvkFwPjNNzFsm6/I5SaCEfYk\n47ppzo6MVybXJzGCiDheqVsdHT8vrO1leA9rbxCsAKRrijUVv0a7sPn+o0mz2R6R\n2ITRsfL4HyQ7Nxt8nf9++vIQ2l63AH7uvTGbMQIDAQABAoIBAC52cLYEu8rGS6PS\nu8y9fGSI6MQh/AT2gh5dl59IZa+79gQ7ifHt9C3pXgotaAqjVRxHjYCV5aN571zu\nwVMpRDJ9e1fUoGEGz4UizCpbo1veef6P+5yE2eRX3xrEhkvdYJwo8x7+Q0LLevUd\n1Wuj7bgviv1jjTfC9bUAh9IX/ws0N10wjhY5Bxcn7tupiUCEqr39g6Ip7yx4nIPq\nM5d5WkeNsyqF/0EU1RMjNX6NqiUF/b14+ZpRLxCJidSkFJsSwrj32aukJBEZSJcD\nFJnuGoP0khOvjz8xY9Aw99MtkOBeOLI2tPMzVkxv6+I5GKGfnuloEIwUxP1svbF2\n4MCte80CgYEAwLzx135BZ2FgDJZTmTHLEtW+2xvf79D9aWTCERVmAFPn+KGXSYJU\ncDDrjuSGM0ASpl52riRcTRUkEz7JGzfWEE8Vk45CODXZ51vxcfudzgmIeCh+btXR\njnhdjkCge9dXZjUdEBPF3mCS04DdCX7I9mfoQC6BRXCi2ZYA/AdyH4sCgYEAtkIB\nQFlM47HuHl1ei/6++stMWK9vD9mverTjr9zV62wagQeZzcpVPwrQncXkcKPpLU2O\nQ5HNVBESlgC6v2rKWJq5wqfaSl+lIKDdXI7KL0hm8Xk7j4Rs6ERIelldcbNldPxS\njACRweNIcafIv11kHF3Dm7uMReQFUIiPbzmyR7MCgYAJBQ6gUhVHfEQdcq+I3M6v\nG/epk11ggLxLQV7fo8u5OjQB67YDx6ih83gioMky/s2goY0WSzdSmCmvCOIqdut6\nqejNlfu9W6/N5vyeo/LXoJSVYve/whvjefiO3rFj+kjpzJSGmxZIeOaGJWKyvg8z\nkNtKnaKJGGNWoXF8WfDaTwKBgFYlkrPYwdgqJRQjK+peCeU/LKIKoiNK0H/eenSI\nnHB/k3ODpTY5Odvnf73jaNu5DiFEtEbJ5tSikTdntt19W5FP6RfSAQMAfGuUvazf\nLT/2J/phRD7M6DFM/TkffmSc2ArYrSfRqRONG5PlK6UQPp6Nz0SP/HiYk86CDdIT\n4mmzAoGAAfyapSZ2PfaWVKe6+82tfb+Y1fBYXnz6PMePBUA+GmtNFHhPAABb/ZEV\nY4VNOOiNjvCJxsue7BXqkh1vdn/nyQ5Uwm8bu7QEY+j9PCTrArNC03u3fPH+iP3a\ni8n2QShgc8+M8UzcueELImnJdqI3KGE2VOr5TkjgiaeQr9b2L5o=\n-----END RSA PRIVATE KEY-----",
            "timeouts": null
          },
          "private": "eyJlMmJmYjczMC1lY2FhLTExZTYtOGY4OC0zNDM2M2JjN2M0YzAiOnsiY3JlYXRlIjozMDAwMDAwMDAwMDAsImRlbGV0ZSI6MzAwMDAwMDAwMDAwfX0="
        }
      ]
    },
    {
      "mode": "managed",
      "type": "ncloud_network_interface",
      "name": "exechost2-nic",
      "provider": "provider[\"registry.terraform.io/navercloudplatform/ncloud\"]",
      "instances": [
        {
          "index_key": 0,
          "schema_version": 0,
          "attributes": {
            "access_control_groups": [
              "16674"
            ],
            "description": "",
            "id": "139459",
            "instance_type": "VSVR",
            "is_default": true,
            "name": "tf-kcg-exechost2-nic1",
            "network_interface_no": "139459",
            "private_ip": "10.200.20.8",
            "server_instance_no": "7548229",
            "status": "USED",
            "subnet_no": "16462"
          },
          "private": "bnVsbA==",
          "dependencies": [
            "data.ncloud_access_control_group.acg",
            "data.ncloud_subnet.exechost2_priv_subnet"
          ]
        },
        {
          "index_key": 1,
          "schema_version": 0,
          "attributes": {
            "access_control_groups": [
              "16674"
            ],
            "description": "",
            "id": "139460",
            "instance_type": "VSVR",
            "is_default": true,
            "name": "tf-kcg-exechost2-nic2",
            "network_interface_no": "139460",
            "private_ip": "10.200.20.9",
            "server_instance_no": "7548230",
            "status": "USED",
            "subnet_no": "16462"
          },
          "private": "bnVsbA==",
          "dependencies": [
            "data.ncloud_access_control_group.acg",
            "data.ncloud_subnet.exechost2_priv_subnet"
          ]
        }
      ]
    },
    {
      "mode": "managed",
      "type": "ncloud_server",
      "name": "exechost2-server",
      "provider": "provider[\"registry.terraform.io/navercloudplatform/ncloud\"]",
      "instances": [
        {
          "index_key": 0,
          "schema_version": 0,
          "attributes": {
            "access_control_group_configuration_no_list": null,
            "base_block_storage_disk_detail_type": "HDD",
            "base_block_storage_disk_type": "NET",
            "base_block_storage_size": null,
            "cpu_count": 2,
            "description": "",
            "fee_system_type_code": null,
            "id": "7548229",
            "init_script_no": "11987",
            "instance_no": "7548229",
            "internet_line_type": null,
            "is_encrypted_base_block_storage_volume": null,
            "is_fee_charging_monitoring": null,
            "is_protect_server_termination": false,
            "login_key_name": "Terraform-kcg-exechost2-key",
            "member_server_image_no": null,
            "memory_size": 4294967296,
            "name": "tf-kcg-exechost2-server1",
            "network_interface": [
              {
                "network_interface_no": "139459",
                "order": 0,
                "private_ip": "10.200.20.8",
                "subnet_no": "16462"
              }
            ],
            "placement_group_no": "",
            "platform_type": "LNX64",
            "port_forwarding_external_port": null,
            "port_forwarding_internal_port": null,
            "port_forwarding_public_ip": null,
            "private_ip": null,
            "public_ip": "",
            "raid_type_name": null,
            "region": null,
            "server_image_name": null,
            "server_image_product_code": "SW.VSVR.OS.LNX64.CNTOS.0708.B050",
            "server_product_code": "SVR.VSVR.STAND.C002.M004.NET.HDD.B050.G001",
            "subnet_no": "16462",
            "tag_list": [],
            "timeouts": null,
            "user_data": null,
            "vpc_no": "11403",
            "zone": "FKR-2"
          },
          "private": "eyJlMmJmYjczMC1lY2FhLTExZTYtOGY4OC0zNDM2M2JjN2M0YzAiOnsiY3JlYXRlIjozNjAwMDAwMDAwMDAwLCJkZWxldGUiOjMwMDAwMDAwMDAwMH19",
          "dependencies": [
            "data.ncloud_access_control_group.acg",
            "data.ncloud_init_script.init-exechost2",
            "data.ncloud_subnet.exechost2_priv_subnet",
            "ncloud_login_key.loginkey",
            "ncloud_network_interface.exechost2-nic"
          ]
        },
        {
          "index_key": 1,
          "schema_version": 0,
          "attributes": {
            "access_control_group_configuration_no_list": null,
            "base_block_storage_disk_detail_type": "HDD",
            "base_block_storage_disk_type": "NET",
            "base_block_storage_size": null,
            "cpu_count": 2,
            "description": "",
            "fee_system_type_code": null,
            "id": "7548230",
            "init_script_no": "11987",
            "instance_no": "7548230",
            "internet_line_type": null,
            "is_encrypted_base_block_storage_volume": null,
            "is_fee_charging_monitoring": null,
            "is_protect_server_termination": false,
            "login_key_name": "Terraform-kcg-exechost2-key",
            "member_server_image_no": null,
            "memory_size": 4294967296,
            "name": "tf-kcg-exechost2-server2",
            "network_interface": [
              {
                "network_interface_no": "139460",
                "order": 0,
                "private_ip": "10.200.20.9",
                "subnet_no": "16462"
              }
            ],
            "placement_group_no": "",
            "platform_type": "LNX64",
            "port_forwarding_external_port": null,
            "port_forwarding_internal_port": null,
            "port_forwarding_public_ip": null,
            "private_ip": null,
            "public_ip": "",
            "raid_type_name": null,
            "region": null,
            "server_image_name": null,
            "server_image_product_code": "SW.VSVR.OS.LNX64.CNTOS.0708.B050",
            "server_product_code": "SVR.VSVR.STAND.C002.M004.NET.HDD.B050.G001",
            "subnet_no": "16462",
            "tag_list": [],
            "timeouts": null,
            "user_data": null,
            "vpc_no": "11403",
            "zone": "FKR-2"
          },
          "private": "eyJlMmJmYjczMC1lY2FhLTExZTYtOGY4OC0zNDM2M2JjN2M0YzAiOnsiY3JlYXRlIjozNjAwMDAwMDAwMDAwLCJkZWxldGUiOjMwMDAwMDAwMDAwMH19",
          "dependencies": [
            "data.ncloud_access_control_group.acg",
            "data.ncloud_init_script.init-exechost2",
            "data.ncloud_subnet.exechost2_priv_subnet",
            "ncloud_login_key.loginkey",
            "ncloud_network_interface.exechost2-nic"
          ]
        }
      ]
    }
  ]
}
