{
  "version": 4,
  "terraform_version": "0.13.5",
  "serial": 31,
  "lineage": "d2a3b1e1-4853-7ccb-ae99-7e439ff55a42",
  "outputs": {},
  "resources": [
    {
      "mode": "data",
      "type": "ncloud_route_table",
      "name": "priv-subnet-default",
      "provider": "provider[\"registry.terraform.io/navercloudplatform/ncloud\"]",
      "instances": [
        {
          "schema_version": 0,
          "attributes": {
            "description": "VPC [tf-pck-vpc-ydr] default Route Table for private Subnet",
            "filter": [
              {
                "name": "is_default",
                "regex": false,
                "values": [
                  "true"
                ]
              }
            ],
            "id": "13970",
            "is_default": true,
            "name": "tf-pck-vpc-ydr-default-private-table",
            "route_table_no": "13970",
            "supported_subnet_type": "PRIVATE",
            "vpc_no": "6808"
          }
        }
      ]
    },
    {
      "mode": "managed",
      "type": "ncloud_access_control_group",
      "name": "acg",
      "provider": "provider[\"registry.terraform.io/navercloudplatform/ncloud\"]",
      "instances": [
        {
          "schema_version": 0,
          "attributes": {
            "access_control_group_no": "11432",
            "description": "",
            "id": "11432",
            "is_default": false,
            "name": "tf-pck-vpc-ydr-acg",
            "vpc_no": "6808"
          },
          "private": "bnVsbA==",
          "dependencies": [
            "ncloud_vpc.vpc",
            "random_string.prefix"
          ]
        }
      ]
    },
    {
      "mode": "managed",
      "type": "ncloud_access_control_group_rule",
      "name": "acg-rule",
      "provider": "provider[\"registry.terraform.io/navercloudplatform/ncloud\"]",
      "instances": [
        {
          "schema_version": 0,
          "attributes": {
            "access_control_group_no": "11432",
            "id": "11432",
            "inbound": [
              {
                "description": "HTTP",
                "ip_block": "0.0.0.0/0",
                "port_range": "80",
                "protocol": "TCP",
                "source_access_control_group_no": ""
              },
              {
                "description": "ICMP",
                "ip_block": "0.0.0.0/0",
                "port_range": "",
                "protocol": "ICMP",
                "source_access_control_group_no": ""
              },
              {
                "description": "RDP",
                "ip_block": "0.0.0.0/0",
                "port_range": "3389",
                "protocol": "TCP",
                "source_access_control_group_no": ""
              },
              {
                "description": "SSH",
                "ip_block": "0.0.0.0/0",
                "port_range": "22",
                "protocol": "TCP",
                "source_access_control_group_no": ""
              }
            ],
            "outbound": [
              {
                "description": "ICMP",
                "ip_block": "0.0.0.0/0",
                "port_range": "",
                "protocol": "ICMP",
                "source_access_control_group_no": ""
              },
              {
                "description": "TCP all",
                "ip_block": "0.0.0.0/0",
                "port_range": "1-65535",
                "protocol": "TCP",
                "source_access_control_group_no": ""
              },
              {
                "description": "UDP all",
                "ip_block": "0.0.0.0/0",
                "port_range": "1-65535",
                "protocol": "UDP",
                "source_access_control_group_no": ""
              }
            ],
            "timeouts": null
          },
          "private": "eyJlMmJmYjczMC1lY2FhLTExZTYtOGY4OC0zNDM2M2JjN2M0YzAiOnsiY3JlYXRlIjozNjAwMDAwMDAwMDAwLCJkZWxldGUiOjMwMDAwMDAwMDAwMCwidXBkYXRlIjo2MDAwMDAwMDAwMDB9fQ==",
          "dependencies": [
            "ncloud_access_control_group.acg",
            "ncloud_vpc.vpc",
            "random_string.prefix"
          ]
        }
      ]
    },
    {
      "mode": "managed",
      "type": "ncloud_init_script",
      "name": "init-passwd-centos",
      "provider": "provider[\"registry.terraform.io/navercloudplatform/ncloud\"]",
      "instances": [
        {
          "schema_version": 0,
          "attributes": {
            "content": "#!/bin/bash\necho 'csi!@#123' | passwd --stdin root",
            "description": "",
            "id": "7605",
            "init_script_no": "7605",
            "name": "tf-chpasswd-centos",
            "os_type": "LNX"
          },
          "private": "bnVsbA==",
          "dependencies": [
            "ncloud_vpc.vpc",
            "random_string.prefix"
          ]
        }
      ]
    },
    {
      "mode": "managed",
      "type": "ncloud_init_script",
      "name": "init-passwd-ubt",
      "provider": "provider[\"registry.terraform.io/navercloudplatform/ncloud\"]",
      "instances": [
        {
          "schema_version": 0,
          "attributes": {
            "content": "#!/bin/bash\necho 'root:csi!@#123' | chpasswd",
            "description": "",
            "id": "7606",
            "init_script_no": "7606",
            "name": "tf-chpasswd-ubt",
            "os_type": "LNX"
          },
          "private": "bnVsbA==",
          "dependencies": [
            "ncloud_vpc.vpc",
            "random_string.prefix"
          ]
        }
      ]
    },
    {
      "mode": "managed",
      "type": "ncloud_lb",
      "name": "applicationLB",
      "provider": "provider[\"registry.terraform.io/navercloudplatform/ncloud\"]",
      "instances": [
        {
          "schema_version": 0,
          "attributes": {
            "description": null,
            "domain": "tf-pck-vpc-ydr-alb-6580220-bc58bd3faca8.kr-fin.lb.naverncp.com",
            "id": "6580220",
            "idle_timeout": 60,
            "ip_list": [
              "221.168.34.159"
            ],
            "listener_no_list": [],
            "load_balancer_no": "6580220",
            "name": "tf-pck-vpc-ydr-alb",
            "network_type": "PUBLIC",
            "subnet_no_list": [
              "11452"
            ],
            "throughput_type": "SMALL",
            "timeouts": null,
            "type": "APPLICATION",
            "vpc_no": "6808"
          },
          "private": "eyJlMmJmYjczMC1lY2FhLTExZTYtOGY4OC0zNDM2M2JjN2M0YzAiOnsiY3JlYXRlIjozNjAwMDAwMDAwMDAwLCJkZWxldGUiOjMwMDAwMDAwMDAwMCwidXBkYXRlIjo2MDAwMDAwMDAwMDB9fQ==",
          "dependencies": [
            "ncloud_access_control_group.acg",
            "ncloud_init_script.init-passwd-centos",
            "ncloud_lb_target_group.alb-tg",
            "ncloud_login_key.loginkey",
            "ncloud_network_acl.nacl",
            "ncloud_network_interface.ansible-nic",
            "ncloud_network_interface.tester-nic",
            "ncloud_public_ip.ansible-pub-ip",
            "ncloud_server.ansible-server",
            "ncloud_server.tester-server",
            "ncloud_subnet.vpc_lb_subnet",
            "ncloud_subnet.vpc_priv_subnet",
            "ncloud_subnet.vpc_pub_subnet",
            "ncloud_vpc.vpc",
            "null_resource.ansible-setup",
            "random_string.prefix"
          ]
        }
      ]
    },
    {
      "mode": "managed",
      "type": "ncloud_lb_listener",
      "name": "alb-listener",
      "provider": "provider[\"registry.terraform.io/navercloudplatform/ncloud\"]",
      "instances": [
        {
          "schema_version": 0,
          "attributes": {
            "id": "4441",
            "listener_no": "4441",
            "load_balancer_no": "6580220",
            "port": 80,
            "protocol": "HTTP",
            "rule_no_list": [
              "4541"
            ],
            "ssl_certificate_no": null,
            "target_group_no": "9283",
            "timeouts": null,
            "tls_min_version_type": null,
            "use_http2": false
          },
          "private": "eyJlMmJmYjczMC1lY2FhLTExZTYtOGY4OC0zNDM2M2JjN2M0YzAiOnsiY3JlYXRlIjozNjAwMDAwMDAwMDAwLCJkZWxldGUiOjMwMDAwMDAwMDAwMCwidXBkYXRlIjo2MDAwMDAwMDAwMDB9fQ==",
          "dependencies": [
            "ncloud_access_control_group.acg",
            "ncloud_init_script.init-passwd-centos",
            "ncloud_lb.applicationLB",
            "ncloud_lb_target_group.alb-tg",
            "ncloud_login_key.loginkey",
            "ncloud_network_acl.nacl",
            "ncloud_network_interface.ansible-nic",
            "ncloud_network_interface.tester-nic",
            "ncloud_public_ip.ansible-pub-ip",
            "ncloud_server.ansible-server",
            "ncloud_server.tester-server",
            "ncloud_subnet.vpc_lb_subnet",
            "ncloud_subnet.vpc_priv_subnet",
            "ncloud_subnet.vpc_pub_subnet",
            "ncloud_vpc.vpc",
            "null_resource.ansible-setup",
            "random_string.prefix"
          ]
        }
      ]
    },
    {
      "mode": "managed",
      "type": "ncloud_lb_target_group",
      "name": "alb-tg",
      "provider": "provider[\"registry.terraform.io/navercloudplatform/ncloud\"]",
      "instances": [
        {
          "schema_version": 0,
          "attributes": {
            "algorithm_type": "RR",
            "description": "for test",
            "health_check": [
              {
                "cycle": 30,
                "down_threshold": 2,
                "http_method": "GET",
                "port": 80,
                "protocol": "HTTP",
                "up_threshold": 2,
                "url_path": "/index.html"
              }
            ],
            "id": "9283",
            "load_balancer_instance_no": "",
            "name": "tf-pck-vpc-ydr-alb-tg",
            "port": 80,
            "protocol": "HTTP",
            "target_group_no": "9283",
            "target_no_list": [],
            "target_type": "VSVR",
            "use_proxy_protocol": false,
            "use_sticky_session": false,
            "vpc_no": "6808"
          },
          "private": "bnVsbA==",
          "dependencies": [
            "ncloud_access_control_group.acg",
            "ncloud_init_script.init-passwd-centos",
            "ncloud_login_key.loginkey",
            "ncloud_network_acl.nacl",
            "ncloud_network_interface.ansible-nic",
            "ncloud_network_interface.tester-nic",
            "ncloud_public_ip.ansible-pub-ip",
            "ncloud_server.ansible-server",
            "ncloud_server.tester-server",
            "ncloud_subnet.vpc_lb_subnet",
            "ncloud_subnet.vpc_priv_subnet",
            "ncloud_subnet.vpc_pub_subnet",
            "ncloud_vpc.vpc",
            "null_resource.ansible-setup",
            "random_string.prefix"
          ]
        }
      ]
    },
    {
      "mode": "managed",
      "type": "ncloud_lb_target_group_attachment",
      "name": "alb-tg-instance",
      "provider": "provider[\"registry.terraform.io/navercloudplatform/ncloud\"]",
      "instances": [
        {
          "schema_version": 0,
          "attributes": {
            "id": "2021-04-27 08:27:51.788133 +0000 UTC",
            "target_group_no": "9283",
            "target_no_list": [
              "6580186"
            ],
            "timeouts": null
          },
          "private": "eyJlMmJmYjczMC1lY2FhLTExZTYtOGY4OC0zNDM2M2JjN2M0YzAiOnsiY3JlYXRlIjozNjAwMDAwMDAwMDAwLCJkZWxldGUiOjMwMDAwMDAwMDAwMH19",
          "dependencies": [
            "ncloud_access_control_group.acg",
            "ncloud_init_script.init-passwd-centos",
            "ncloud_lb_target_group.alb-tg",
            "ncloud_login_key.loginkey",
            "ncloud_network_acl.nacl",
            "ncloud_network_interface.ansible-nic",
            "ncloud_network_interface.tester-nic",
            "ncloud_public_ip.ansible-pub-ip",
            "ncloud_public_ip.tester-pub-ip",
            "ncloud_server.ansible-server",
            "ncloud_server.tester-server",
            "ncloud_subnet.vpc_lb_subnet",
            "ncloud_subnet.vpc_priv_subnet",
            "ncloud_subnet.vpc_pub_subnet",
            "ncloud_vpc.vpc",
            "null_resource.ansible-setup",
            "null_resource.tester-setup",
            "random_string.prefix"
          ]
        }
      ]
    },
    {
      "mode": "managed",
      "type": "ncloud_login_key",
      "name": "loginkey",
      "provider": "provider[\"registry.terraform.io/navercloudplatform/ncloud\"]",
      "instances": [
        {
          "schema_version": 0,
          "attributes": {
            "fingerprint": "34:f8:8b:a9:6a:76:88:e9:9d:61:67:9a:0f:1d:bf:5d",
            "id": "Terraform-pck",
            "key_name": "Terraform-pck",
            "private_key": "-----BEGIN RSA PRIVATE KEY-----\nMIIEpAIBAAKCAQEAxRUGbsOobqrUPbmTEaU8HQUB1ntVKx5vTnIoYRIkNMRUoPwx\nbbkNN/OCisMxtW0+8kVJIiKFx+YMneC3MfISyfFbGOUhnINuRgHONX3Epo9G3xJ+\n3n8smJmwwEgJXARiRys+vCL1W2nAPQGNL2ZXzTahqMnRbx8xuHrcuSvshRbDRkX7\nJjcveRgblKiwG7WJZpZwussNKPLr1/0w9ddfBQC4RT3ANEEr4OxVLbTeiX4vTVDU\nV/XtjliDkM/zFTI2rGhb5gzXqS69VQL6YzAnRe4148jkGRgSA+/HAL1W00NDtE1T\nE1lT1ItKc/gHAXdm15OuOAFJWeOZLhr1J+40cQIDAQABAoIBAQCc4pHOVr6b6i0u\nPa3PXCOwTi4aWO+BdabRYZq3O0PLJYbg6CFI4Qiew5/lamEFtcNoBLOlEqpAaOce\nPqZWggdm7lTASpYpC48a95D5j/adSGz4YrbP05jimWXUiwO4Vl0NnmVASuvaKyK2\n7adAVk4KtDSYMqAfv0tLObK/TTHo9sH8CuiRl8kxS0PWbN9IU5dE66KSFPdoks1t\nwk55Zdq0IOs60hG7PlfmDG25PeNy+l5Qqz/U8uIqcWwrJpdwI2o3oSlAwNwjTRQP\nXiHZQUDbVr3uZC62c6jRRV2XpdakLF8+0/FbTMcrKHjZBS7KU13KkaVZHBlFXoEb\n+3jxvilpAoGBAOkYMXiAxRLSdPgg9p1rWAsHC0n+oiWQpTPtAos6fVgUVk9MoK6B\nhjg2YK71dn8sIpR3BoDPk9wMUJn852Wid+rGwz0v2l3rv8k6JnyQoCZdVVPtNH6d\n4oOSaonODZJZgHuxShnRKawDTZG0L0XJ5S2g5Z/1WoqhV0EoRUzaG3PnAoGBANhy\n5FmF2j7CY6LKf1/9DE3IAAUN89etxBN6+3N0sFJcfqR3Hs70v8jYcb3D6NlthcJ9\nmkx3NHd9PmCjpX13nunZcHkUgACYJM+2ULGk0FCJezBaOKswAI3hJREWrhZ94zq9\n/oWWFgJSsMCaV+dY3psW8afJtxztwt5TcP/yjonnAoGAdaBv1o+k48qwnEaGLQpu\nc6IqYDzPNoW32GxSTFBH0JryszHIJEfYo6VNRP05vxNWn/UwovAdfX35brvhSbij\nKycCf24WlC7TqYhew514M+QFm0SoqPyjwiGxAbmpv6DK5aCh9EVI8jT4f/6dnGo1\n7MC1H/OArVSd45Oe5RlroSECgYBQYLH9sKAwKB256TrN2XmFNN0VA25mzGeA2G2i\nHVYQ77oztuyg6/CAVChA0QyaGXrPk7cF6Ep6iO7uEjc1VYOU0aNbw0oZbmZVIB3t\nKggVsEgn14ktwQCjr1UFeIejYJJOURnAX9DCghSTIX29MppPu4B3z4eJXZ280/2l\nflyCRwKBgQCYIBFZDh+VUj+h0WoYAl2h88f2j3dzRDH4hyOx+SAr2d8zeo9uCW//\n7Cw63QYaE1vSu7WEf4n9dzT9kaAGZSadyP5wfQutY9F5G4I8UmhLdSpwqzH+I+Us\nqw+Qno9C66j1FoAkFNxUd1LzY74UJ55ZRM8I/iBoenH8Eb2LJfB7WA==\n-----END RSA PRIVATE KEY-----",
            "timeouts": null
          },
          "private": "eyJlMmJmYjczMC1lY2FhLTExZTYtOGY4OC0zNDM2M2JjN2M0YzAiOnsiY3JlYXRlIjozMDAwMDAwMDAwMDAsImRlbGV0ZSI6MzAwMDAwMDAwMDAwfX0=",
          "dependencies": [
            "ncloud_vpc.vpc",
            "random_string.prefix"
          ]
        }
      ]
    },
    {
      "mode": "managed",
      "type": "ncloud_nat_gateway",
      "name": "nat_gateway",
      "provider": "provider[\"registry.terraform.io/navercloudplatform/ncloud\"]",
      "instances": [
        {
          "schema_version": 0,
          "attributes": {
            "description": "",
            "id": "6580152",
            "name": "tf-pck-vpc-ydr-natgw",
            "nat_gateway_no": "6580152",
            "public_ip": "221.168.35.77",
            "vpc_no": "6808",
            "zone": "FKR-1"
          },
          "private": "bnVsbA==",
          "dependencies": [
            "ncloud_network_acl.nacl",
            "ncloud_subnet.vpc_priv_subnet",
            "ncloud_subnet.vpc_pub_subnet",
            "ncloud_vpc.vpc",
            "random_string.prefix"
          ]
        }
      ]
    },
    {
      "mode": "managed",
      "type": "ncloud_network_acl",
      "name": "nacl",
      "provider": "provider[\"registry.terraform.io/navercloudplatform/ncloud\"]",
      "instances": [
        {
          "schema_version": 0,
          "attributes": {
            "description": "",
            "id": "9480",
            "is_default": false,
            "name": "tf-pck-vpc-ydr-nacl-default",
            "network_acl_no": "9480",
            "vpc_no": "6808"
          },
          "private": "bnVsbA==",
          "dependencies": [
            "ncloud_vpc.vpc",
            "random_string.prefix"
          ]
        }
      ]
    },
    {
      "mode": "managed",
      "type": "ncloud_network_interface",
      "name": "ansible-nic",
      "provider": "provider[\"registry.terraform.io/navercloudplatform/ncloud\"]",
      "instances": [
        {
          "schema_version": 0,
          "attributes": {
            "access_control_groups": [
              "11432"
            ],
            "description": "",
            "id": "117986",
            "instance_type": null,
            "is_default": false,
            "name": "tf-pck-ansible-nic",
            "network_interface_no": "117986",
            "private_ip": "10.200.10.6",
            "server_instance_no": "",
            "status": "NOTUSED",
            "subnet_no": "11450"
          },
          "private": "bnVsbA==",
          "dependencies": [
            "ncloud_access_control_group.acg",
            "ncloud_login_key.loginkey",
            "ncloud_network_acl.nacl",
            "ncloud_subnet.vpc_pub_subnet",
            "ncloud_vpc.vpc",
            "random_string.prefix"
          ]
        }
      ]
    },
    {
      "mode": "managed",
      "type": "ncloud_network_interface",
      "name": "tester-nic",
      "provider": "provider[\"registry.terraform.io/navercloudplatform/ncloud\"]",
      "instances": [
        {
          "schema_version": 0,
          "attributes": {
            "access_control_groups": [
              "11432"
            ],
            "description": "",
            "id": "117987",
            "instance_type": null,
            "is_default": false,
            "name": "tf-pck-tester-nic",
            "network_interface_no": "117987",
            "private_ip": "10.200.10.7",
            "server_instance_no": "",
            "status": "NOTUSED",
            "subnet_no": "11450"
          },
          "private": "bnVsbA==",
          "dependencies": [
            "ncloud_access_control_group.acg",
            "ncloud_init_script.init-passwd-centos",
            "ncloud_login_key.loginkey",
            "ncloud_network_acl.nacl",
            "ncloud_network_interface.ansible-nic",
            "ncloud_public_ip.ansible-pub-ip",
            "ncloud_server.ansible-server",
            "ncloud_subnet.vpc_pub_subnet",
            "ncloud_vpc.vpc",
            "null_resource.ansible-setup",
            "random_string.prefix"
          ]
        }
      ]
    },
    {
      "mode": "managed",
      "type": "ncloud_public_ip",
      "name": "ansible-pub-ip",
      "provider": "provider[\"registry.terraform.io/navercloudplatform/ncloud\"]",
      "instances": [
        {
          "schema_version": 0,
          "attributes": {
            "description": "",
            "id": "6580185",
            "instance_no": null,
            "internet_line_type": null,
            "kind_type": null,
            "public_ip": "103.244.111.63",
            "public_ip_no": "6580185",
            "server_instance_no": "6580149",
            "zone": null
          },
          "private": "bnVsbA==",
          "dependencies": [
            "ncloud_access_control_group.acg",
            "ncloud_init_script.init-passwd-centos",
            "ncloud_login_key.loginkey",
            "ncloud_network_acl.nacl",
            "ncloud_network_interface.ansible-nic",
            "ncloud_server.ansible-server",
            "ncloud_subnet.vpc_pub_subnet",
            "ncloud_vpc.vpc",
            "random_string.prefix"
          ]
        }
      ]
    },
    {
      "mode": "managed",
      "type": "ncloud_public_ip",
      "name": "tester-pub-ip",
      "provider": "provider[\"registry.terraform.io/navercloudplatform/ncloud\"]",
      "instances": [
        {
          "schema_version": 0,
          "attributes": {
            "description": "",
            "id": "6580219",
            "instance_no": null,
            "internet_line_type": null,
            "kind_type": null,
            "public_ip": "103.244.111.2",
            "public_ip_no": "6580219",
            "server_instance_no": "6580186",
            "zone": null
          },
          "private": "bnVsbA==",
          "dependencies": [
            "ncloud_access_control_group.acg",
            "ncloud_init_script.init-passwd-centos",
            "ncloud_login_key.loginkey",
            "ncloud_network_acl.nacl",
            "ncloud_network_interface.ansible-nic",
            "ncloud_network_interface.tester-nic",
            "ncloud_public_ip.ansible-pub-ip",
            "ncloud_server.ansible-server",
            "ncloud_server.tester-server",
            "ncloud_subnet.vpc_pub_subnet",
            "ncloud_vpc.vpc",
            "null_resource.ansible-setup",
            "random_string.prefix"
          ]
        }
      ]
    },
    {
      "mode": "managed",
      "type": "ncloud_route",
      "name": "add-natgw",
      "provider": "provider[\"registry.terraform.io/navercloudplatform/ncloud\"]",
      "instances": [
        {
          "schema_version": 0,
          "attributes": {
            "destination_cidr_block": "0.0.0.0/0",
            "id": "route-1394425695",
            "is_default": false,
            "route_table_no": "13970",
            "target_name": "tf-pck-vpc-ydr-natgw",
            "target_no": "6580152",
            "target_type": "NATGW",
            "vpc_no": "6808"
          },
          "private": "bnVsbA==",
          "dependencies": [
            "data.ncloud_route_table.priv-subnet-default",
            "ncloud_nat_gateway.nat_gateway",
            "ncloud_network_acl.nacl",
            "ncloud_subnet.vpc_priv_subnet",
            "ncloud_subnet.vpc_pub_subnet",
            "ncloud_vpc.vpc",
            "random_string.prefix"
          ]
        }
      ]
    },
    {
      "mode": "managed",
      "type": "ncloud_server",
      "name": "ansible-server",
      "provider": "provider[\"registry.terraform.io/navercloudplatform/ncloud\"]",
      "instances": [
        {
          "schema_version": 0,
          "attributes": {
            "access_control_group_configuration_no_list": null,
            "base_block_storage_disk_detail_type": "SSD",
            "base_block_storage_disk_type": "NET",
            "base_block_storage_size": null,
            "cpu_count": 2,
            "description": "",
            "fee_system_type_code": null,
            "id": "6580149",
            "init_script_no": "7605",
            "instance_no": "6580149",
            "internet_line_type": null,
            "is_encrypted_base_block_storage_volume": null,
            "is_fee_charging_monitoring": null,
            "is_protect_server_termination": false,
            "login_key_name": "Terraform-pck",
            "member_server_image_no": null,
            "memory_size": 4294967296,
            "name": "tf-pck-ansible-server",
            "network_interface": [
              {
                "network_interface_no": "117986",
                "order": 0,
                "private_ip": "10.200.10.6",
                "subnet_no": "11450"
              }
            ],
            "placement_group_no": "",
            "platform_type": "LNX64",
            "port_forwarding_external_port": null,
            "port_forwarding_internal_port": null,
            "port_forwarding_public_ip": null,
            "private_ip": null,
            "public_ip": "",
            "raid_type_name": null,
            "region": null,
            "server_image_name": null,
            "server_image_product_code": "SW.VSVR.OS.LNX64.CNTOS.0708.B050",
            "server_product_code": "SVR.VSVR.STAND.C002.M004.NET.SSD.B050.G001",
            "subnet_no": "11450",
            "tag_list": [],
            "timeouts": null,
            "user_data": null,
            "vpc_no": "6808",
            "zone": "FKR-1"
          },
          "private": "eyJlMmJmYjczMC1lY2FhLTExZTYtOGY4OC0zNDM2M2JjN2M0YzAiOnsiY3JlYXRlIjozNjAwMDAwMDAwMDAwLCJkZWxldGUiOjMwMDAwMDAwMDAwMH19",
          "dependencies": [
            "ncloud_access_control_group.acg",
            "ncloud_init_script.init-passwd-centos",
            "ncloud_login_key.loginkey",
            "ncloud_network_acl.nacl",
            "ncloud_network_interface.ansible-nic",
            "ncloud_subnet.vpc_pub_subnet",
            "ncloud_vpc.vpc",
            "random_string.prefix"
          ]
        }
      ]
    },
    {
      "mode": "managed",
      "type": "ncloud_server",
      "name": "tester-server",
      "provider": "provider[\"registry.terraform.io/navercloudplatform/ncloud\"]",
      "instances": [
        {
          "schema_version": 0,
          "attributes": {
            "access_control_group_configuration_no_list": null,
            "base_block_storage_disk_detail_type": "SSD",
            "base_block_storage_disk_type": "NET",
            "base_block_storage_size": null,
            "cpu_count": 2,
            "description": "",
            "fee_system_type_code": null,
            "id": "6580186",
            "init_script_no": "7605",
            "instance_no": "6580186",
            "internet_line_type": null,
            "is_encrypted_base_block_storage_volume": null,
            "is_fee_charging_monitoring": null,
            "is_protect_server_termination": false,
            "login_key_name": "Terraform-pck",
            "member_server_image_no": null,
            "memory_size": 4294967296,
            "name": "tf-pck-tester-server",
            "network_interface": [
              {
                "network_interface_no": "117987",
                "order": 0,
                "private_ip": "10.200.10.7",
                "subnet_no": "11450"
              }
            ],
            "placement_group_no": "",
            "platform_type": "LNX64",
            "port_forwarding_external_port": null,
            "port_forwarding_internal_port": null,
            "port_forwarding_public_ip": null,
            "private_ip": null,
            "public_ip": "",
            "raid_type_name": null,
            "region": null,
            "server_image_name": null,
            "server_image_product_code": "SW.VSVR.OS.LNX64.CNTOS.0708.B050",
            "server_product_code": "SVR.VSVR.STAND.C002.M004.NET.SSD.B050.G001",
            "subnet_no": "11450",
            "tag_list": [],
            "timeouts": null,
            "user_data": null,
            "vpc_no": "6808",
            "zone": "FKR-1"
          },
          "private": "eyJlMmJmYjczMC1lY2FhLTExZTYtOGY4OC0zNDM2M2JjN2M0YzAiOnsiY3JlYXRlIjozNjAwMDAwMDAwMDAwLCJkZWxldGUiOjMwMDAwMDAwMDAwMH19",
          "dependencies": [
            "ncloud_access_control_group.acg",
            "ncloud_init_script.init-passwd-centos",
            "ncloud_login_key.loginkey",
            "ncloud_network_acl.nacl",
            "ncloud_network_interface.ansible-nic",
            "ncloud_network_interface.tester-nic",
            "ncloud_public_ip.ansible-pub-ip",
            "ncloud_server.ansible-server",
            "ncloud_subnet.vpc_pub_subnet",
            "ncloud_vpc.vpc",
            "null_resource.ansible-setup",
            "random_string.prefix"
          ]
        }
      ]
    },
    {
      "mode": "managed",
      "type": "ncloud_subnet",
      "name": "vpc_lb_subnet",
      "provider": "provider[\"registry.terraform.io/navercloudplatform/ncloud\"]",
      "instances": [
        {
          "schema_version": 0,
          "attributes": {
            "id": "11452",
            "name": "tf-pck-vpc-ydr-lb-subnet",
            "network_acl_no": "9480",
            "subnet": "10.200.30.0/24",
            "subnet_no": "11452",
            "subnet_type": "PRIVATE",
            "usage_type": "LOADB",
            "vpc_no": "6808",
            "zone": "FKR-1"
          },
          "private": "bnVsbA==",
          "dependencies": [
            "ncloud_network_acl.nacl",
            "ncloud_subnet.vpc_priv_subnet",
            "ncloud_subnet.vpc_pub_subnet",
            "ncloud_vpc.vpc",
            "random_string.prefix"
          ]
        }
      ]
    },
    {
      "mode": "managed",
      "type": "ncloud_subnet",
      "name": "vpc_priv_subnet",
      "provider": "provider[\"registry.terraform.io/navercloudplatform/ncloud\"]",
      "instances": [
        {
          "schema_version": 0,
          "attributes": {
            "id": "11451",
            "name": "tf-pck-vpc-ydr-priv-subnet",
            "network_acl_no": "9480",
            "subnet": "10.200.20.0/24",
            "subnet_no": "11451",
            "subnet_type": "PRIVATE",
            "usage_type": "GEN",
            "vpc_no": "6808",
            "zone": "FKR-1"
          },
          "private": "bnVsbA==",
          "dependencies": [
            "ncloud_network_acl.nacl",
            "ncloud_subnet.vpc_pub_subnet",
            "ncloud_vpc.vpc",
            "random_string.prefix"
          ]
        }
      ]
    },
    {
      "mode": "managed",
      "type": "ncloud_subnet",
      "name": "vpc_pub_subnet",
      "provider": "provider[\"registry.terraform.io/navercloudplatform/ncloud\"]",
      "instances": [
        {
          "schema_version": 0,
          "attributes": {
            "id": "11450",
            "name": "tf-pck-vpc-ydr-pub-subnet",
            "network_acl_no": "9480",
            "subnet": "10.200.10.0/24",
            "subnet_no": "11450",
            "subnet_type": "PUBLIC",
            "usage_type": "GEN",
            "vpc_no": "6808",
            "zone": "FKR-1"
          },
          "private": "bnVsbA==",
          "dependencies": [
            "ncloud_network_acl.nacl",
            "ncloud_vpc.vpc",
            "random_string.prefix"
          ]
        }
      ]
    },
    {
      "mode": "managed",
      "type": "ncloud_vpc",
      "name": "vpc",
      "provider": "provider[\"registry.terraform.io/navercloudplatform/ncloud\"]",
      "instances": [
        {
          "schema_version": 0,
          "attributes": {
            "default_access_control_group_no": "11431",
            "default_network_acl_no": "9479",
            "default_private_route_table_no": "13970",
            "default_public_route_table_no": "13969",
            "id": "6808",
            "ipv4_cidr_block": "10.200.0.0/16",
            "name": "tf-pck-vpc-ydr",
            "vpc_no": "6808"
          },
          "private": "bnVsbA==",
          "dependencies": [
            "random_string.prefix"
          ]
        }
      ]
    },
    {
      "mode": "managed",
      "type": "null_resource",
      "name": "ansible-setup",
      "provider": "provider[\"registry.terraform.io/hashicorp/null\"]",
      "instances": [
        {
          "schema_version": 0,
          "attributes": {
            "id": "4241125596525804035",
            "triggers": null
          },
          "private": "bnVsbA==",
          "dependencies": [
            "ncloud_access_control_group.acg",
            "ncloud_init_script.init-passwd-centos",
            "ncloud_login_key.loginkey",
            "ncloud_network_acl.nacl",
            "ncloud_network_interface.ansible-nic",
            "ncloud_public_ip.ansible-pub-ip",
            "ncloud_server.ansible-server",
            "ncloud_subnet.vpc_pub_subnet",
            "ncloud_vpc.vpc",
            "random_string.prefix"
          ]
        }
      ]
    },
    {
      "mode": "managed",
      "type": "null_resource",
      "name": "tester-setup",
      "provider": "provider[\"registry.terraform.io/hashicorp/null\"]",
      "instances": [
        {
          "schema_version": 0,
          "attributes": {
            "id": "1098550759455015856",
            "triggers": null
          },
          "private": "bnVsbA==",
          "dependencies": [
            "ncloud_access_control_group.acg",
            "ncloud_init_script.init-passwd-centos",
            "ncloud_login_key.loginkey",
            "ncloud_network_acl.nacl",
            "ncloud_network_interface.ansible-nic",
            "ncloud_network_interface.tester-nic",
            "ncloud_public_ip.ansible-pub-ip",
            "ncloud_public_ip.tester-pub-ip",
            "ncloud_server.ansible-server",
            "ncloud_server.tester-server",
            "ncloud_subnet.vpc_pub_subnet",
            "ncloud_vpc.vpc",
            "null_resource.ansible-setup",
            "random_string.prefix"
          ]
        }
      ]
    },
    {
      "mode": "managed",
      "type": "random_string",
      "name": "prefix",
      "provider": "provider[\"registry.terraform.io/hashicorp/random\"]",
      "instances": [
        {
          "schema_version": 1,
          "attributes": {
            "id": "ydr",
            "keepers": null,
            "length": 3,
            "lower": true,
            "min_lower": 0,
            "min_numeric": 0,
            "min_special": 0,
            "min_upper": 0,
            "number": false,
            "override_special": null,
            "result": "ydr",
            "special": false,
            "upper": false
          },
          "private": "eyJzY2hlbWFfdmVyc2lvbiI6IjEifQ=="
        }
      ]
    }
  ]
}
