{
  "version": 4,
  "terraform_version": "0.13.5",
  "serial": 34,
  "lineage": "7748fa99-9385-97e2-a581-36b063231ff0",
  "outputs": {},
  "resources": [
    {
      "mode": "data",
      "type": "ncloud_root_password",
      "name": "ansible-root-password",
      "provider": "provider[\"registry.terraform.io/navercloudplatform/ncloud\"]",
      "instances": [
        {
          "schema_version": 0,
          "attributes": {
            "id": "6454332",
            "private_key": "-----BEGIN RSA PRIVATE KEY-----\nMIIEpQIBAAKCAQEAwj+wV9BE5sKnvVU9X0vy3ohARgKwn1Mh3WnO8SJzjw/OwBqP\nEgCUcOCoP360GkMRqgrG2JbqzOR0RtIUk7TnxGdprHihPjPWG97oMoxrrLPkwOVO\nof4WaPehexYrYLbvnMe4aLL0fEkKR0Rleke4SnZGaQ6PEt0hq6C+QYTmD1n7/kfK\n00yXVd8QmthUDE8OqFuJ61UfgmNY3YvbkdsBaFnO18UJKvVbMj2cUcVXe7r+cMhP\n+GMNOC4BKZDxFxiCLK9YeD5eU/fhhUGxnSnvqmB/1aOslvd6Dmqe1DA9o0NoOSWe\nPvP34nZzdBU3r26elGL71icS80u1+v3cS6NtEQIDAQABAoIBAQCWXg74KzTrHUwT\n+GQl3PkI4pg+md53tzbD2yBi8bRaznXRp72Qxfoi1wXnAQISQlDuPKFpEIp6SW7p\nU76yCJxRIWxgIpFPQXlA4fEFEEZZzngKCngwViyq3OaYDbVOjM43ozNReRZhD3lx\nabTUT6iNm7ktoiOHCr8ByND+jw44WqirAfHRvd5taNt6KmczD7NXTY2bVo6awCRw\nK+k3AbuZ3iYPfCqTMIGt/WUE5/cYXmueG5o/uxp5GPh7iNr3sqwwg7ZAcNmrGnm4\n6W51jrKZwWzn1jkYnOsFZh30GL2Y1vqp0XoeCwZUSqaz5NCX+rPKzqQNyf+LKU2/\nt0mzK4dBAoGBAPj3d/2ey6me4WByTQHvFRDvLRUxh080v747+SmjwU9iHm4+kSs/\nh1I1KcAkfXVwUmm+vi4/bjrAFK9mxNoLlgXYvSxHzCCfRUOx9NPjWBNjizDiB9MP\nXkunigMwYb/bpIZaQ3rAA4pG3jeU4siFh6JpqugNKfP9rg0UWHi0n1/lAoGBAMe8\nf9i7ZfDoWH5jabTo7x1bhVh7sgeu1XGTBKt/JsgwXkwAhAyrkhm1fOKQUjeqX713\nKlL/B7QmqEIOCc01D7JtLVbwchv6UDaBCFKekJppkhSh2IUF5x2Oab6mGBNRmVWG\nF04RQDcxnwAxkoe5Zb6tYZerICJijB1mlyGx/w29AoGBAIjFUmrG6LWHLeMRB9MP\nJ7CE5GxnKCFQJiH4ynmgl1rn2TXRM2jh3pI/2G7Q3Qc+LFghTFMVz5WA3hw5xdzP\nTpxppAsGalJljOSSh6A7nbARGG9DTO8a2z+Oi5gS5TBEFo8kWTu+7nLxWbSJG0jz\naj7D8/rE+I4sh4hx6+Rrvb4tAoGALSeQP48eHLhqSShwXVXLuPdXzgko1lPQLTzv\ncVXtjpRgvQ3gzHx9KxK8iPvXmn4J5utpxhmhxDh5EXXbAWldgxjrhxwUr/6G48uH\n9iWiy0XSoJd2O5x6A1SO02r5RmTMJWmLGzsLKW8uYvzSA50GQ3Uu+vrU6PEefAcV\nY6i54IECgYEAiUAhU9wUaK+XADB3LZrihDJqRb4oHxLEEg9EBbpt21rf5Y6UxFRA\nJgzSbr5qHc+PYql+jHTrt3bfcBBf+gokVHM1msUt87I+h42ZiYYEFUst9s+4DACV\nDA742zWKaIFPhLc0RIxpTFcNhjRPtNERiLlzdFWfh+shkX51judsO34=\n-----END RSA PRIVATE KEY-----",
            "root_password": "H3=DU73?Mqr",
            "server_instance_no": "6454332"
          }
        }
      ]
    },
    {
      "mode": "managed",
      "type": "ncloud_access_control_group",
      "name": "acg",
      "provider": "provider[\"registry.terraform.io/navercloudplatform/ncloud\"]",
      "instances": [
        {
          "schema_version": 0,
          "attributes": {
            "access_control_group_no": "10958",
            "description": "",
            "id": "10958",
            "is_default": false,
            "name": "tf-kcg-vpc-bxv-acg",
            "vpc_no": "6386"
          },
          "private": "bnVsbA==",
          "dependencies": [
            "ncloud_vpc.vpc"
          ]
        }
      ]
    },
    {
      "mode": "managed",
      "type": "ncloud_access_control_group_rule",
      "name": "acg-rule",
      "provider": "provider[\"registry.terraform.io/navercloudplatform/ncloud\"]",
      "instances": [
        {
          "schema_version": 0,
          "attributes": {
            "access_control_group_no": "10958",
            "id": "10958",
            "inbound": [
              {
                "description": "HTTP",
                "ip_block": "0.0.0.0/0",
                "port_range": "80",
                "protocol": "TCP",
                "source_access_control_group_no": ""
              },
              {
                "description": "ICMP",
                "ip_block": "0.0.0.0/0",
                "port_range": "",
                "protocol": "ICMP",
                "source_access_control_group_no": ""
              },
              {
                "description": "RDP",
                "ip_block": "0.0.0.0/0",
                "port_range": "3389",
                "protocol": "TCP",
                "source_access_control_group_no": ""
              },
              {
                "description": "SSH",
                "ip_block": "0.0.0.0/0",
                "port_range": "22",
                "protocol": "TCP",
                "source_access_control_group_no": ""
              }
            ],
            "outbound": [
              {
                "description": "ICMP",
                "ip_block": "0.0.0.0/0",
                "port_range": "",
                "protocol": "ICMP",
                "source_access_control_group_no": ""
              },
              {
                "description": "TCP all",
                "ip_block": "0.0.0.0/0",
                "port_range": "1-65535",
                "protocol": "TCP",
                "source_access_control_group_no": ""
              },
              {
                "description": "UDP all",
                "ip_block": "0.0.0.0/0",
                "port_range": "1-65535",
                "protocol": "UDP",
                "source_access_control_group_no": ""
              }
            ],
            "timeouts": null
          },
          "private": "eyJlMmJmYjczMC1lY2FhLTExZTYtOGY4OC0zNDM2M2JjN2M0YzAiOnsiY3JlYXRlIjozNjAwMDAwMDAwMDAwLCJkZWxldGUiOjMwMDAwMDAwMDAwMCwidXBkYXRlIjo2MDAwMDAwMDAwMDB9fQ==",
          "dependencies": [
            "ncloud_access_control_group.acg"
          ]
        }
      ]
    },
    {
      "mode": "managed",
      "type": "ncloud_init_script",
      "name": "init-passwd-centos",
      "provider": "provider[\"registry.terraform.io/navercloudplatform/ncloud\"]",
      "instances": [
        {
          "schema_version": 0,
          "attributes": {
            "content": "#!/bin/bash\necho 'csi!@#123' | passwd --stdin root",
            "description": "",
            "id": "7128",
            "init_script_no": "7128",
            "name": "tf-chpasswd-centos",
            "os_type": "LNX"
          },
          "private": "bnVsbA==",
          "dependencies": [
            "ncloud_vpc.vpc",
            "random_string.prefix"
          ]
        }
      ]
    },
    {
      "mode": "managed",
      "type": "ncloud_init_script",
      "name": "init-passwd-ubt",
      "provider": "provider[\"registry.terraform.io/navercloudplatform/ncloud\"]",
      "instances": [
        {
          "schema_version": 0,
          "attributes": {
            "content": "#!/bin/bash\necho 'root:csi!@#123' | chpasswd",
            "description": "",
            "id": "7129",
            "init_script_no": "7129",
            "name": "tf-chpasswd-ubt",
            "os_type": "LNX"
          },
          "private": "bnVsbA==",
          "dependencies": [
            "ncloud_vpc.vpc",
            "random_string.prefix"
          ]
        }
      ]
    },
    {
      "mode": "managed",
      "type": "ncloud_login_key",
      "name": "loginkey",
      "provider": "provider[\"registry.terraform.io/navercloudplatform/ncloud\"]",
      "instances": [
        {
          "schema_version": 0,
          "attributes": {
            "fingerprint": "fb:cb:ac:eb:f1:58:09:b6:ff:59:05:89:de:0b:4a:cd",
            "id": "Terraform-kcg",
            "key_name": "Terraform-kcg",
            "private_key": "-----BEGIN RSA PRIVATE KEY-----\nMIIEpQIBAAKCAQEAwj+wV9BE5sKnvVU9X0vy3ohARgKwn1Mh3WnO8SJzjw/OwBqP\nEgCUcOCoP360GkMRqgrG2JbqzOR0RtIUk7TnxGdprHihPjPWG97oMoxrrLPkwOVO\nof4WaPehexYrYLbvnMe4aLL0fEkKR0Rleke4SnZGaQ6PEt0hq6C+QYTmD1n7/kfK\n00yXVd8QmthUDE8OqFuJ61UfgmNY3YvbkdsBaFnO18UJKvVbMj2cUcVXe7r+cMhP\n+GMNOC4BKZDxFxiCLK9YeD5eU/fhhUGxnSnvqmB/1aOslvd6Dmqe1DA9o0NoOSWe\nPvP34nZzdBU3r26elGL71icS80u1+v3cS6NtEQIDAQABAoIBAQCWXg74KzTrHUwT\n+GQl3PkI4pg+md53tzbD2yBi8bRaznXRp72Qxfoi1wXnAQISQlDuPKFpEIp6SW7p\nU76yCJxRIWxgIpFPQXlA4fEFEEZZzngKCngwViyq3OaYDbVOjM43ozNReRZhD3lx\nabTUT6iNm7ktoiOHCr8ByND+jw44WqirAfHRvd5taNt6KmczD7NXTY2bVo6awCRw\nK+k3AbuZ3iYPfCqTMIGt/WUE5/cYXmueG5o/uxp5GPh7iNr3sqwwg7ZAcNmrGnm4\n6W51jrKZwWzn1jkYnOsFZh30GL2Y1vqp0XoeCwZUSqaz5NCX+rPKzqQNyf+LKU2/\nt0mzK4dBAoGBAPj3d/2ey6me4WByTQHvFRDvLRUxh080v747+SmjwU9iHm4+kSs/\nh1I1KcAkfXVwUmm+vi4/bjrAFK9mxNoLlgXYvSxHzCCfRUOx9NPjWBNjizDiB9MP\nXkunigMwYb/bpIZaQ3rAA4pG3jeU4siFh6JpqugNKfP9rg0UWHi0n1/lAoGBAMe8\nf9i7ZfDoWH5jabTo7x1bhVh7sgeu1XGTBKt/JsgwXkwAhAyrkhm1fOKQUjeqX713\nKlL/B7QmqEIOCc01D7JtLVbwchv6UDaBCFKekJppkhSh2IUF5x2Oab6mGBNRmVWG\nF04RQDcxnwAxkoe5Zb6tYZerICJijB1mlyGx/w29AoGBAIjFUmrG6LWHLeMRB9MP\nJ7CE5GxnKCFQJiH4ynmgl1rn2TXRM2jh3pI/2G7Q3Qc+LFghTFMVz5WA3hw5xdzP\nTpxppAsGalJljOSSh6A7nbARGG9DTO8a2z+Oi5gS5TBEFo8kWTu+7nLxWbSJG0jz\naj7D8/rE+I4sh4hx6+Rrvb4tAoGALSeQP48eHLhqSShwXVXLuPdXzgko1lPQLTzv\ncVXtjpRgvQ3gzHx9KxK8iPvXmn4J5utpxhmhxDh5EXXbAWldgxjrhxwUr/6G48uH\n9iWiy0XSoJd2O5x6A1SO02r5RmTMJWmLGzsLKW8uYvzSA50GQ3Uu+vrU6PEefAcV\nY6i54IECgYEAiUAhU9wUaK+XADB3LZrihDJqRb4oHxLEEg9EBbpt21rf5Y6UxFRA\nJgzSbr5qHc+PYql+jHTrt3bfcBBf+gokVHM1msUt87I+h42ZiYYEFUst9s+4DACV\nDA742zWKaIFPhLc0RIxpTFcNhjRPtNERiLlzdFWfh+shkX51judsO34=\n-----END RSA PRIVATE KEY-----",
            "timeouts": null
          },
          "private": "eyJlMmJmYjczMC1lY2FhLTExZTYtOGY4OC0zNDM2M2JjN2M0YzAiOnsiY3JlYXRlIjozMDAwMDAwMDAwMDAsImRlbGV0ZSI6MzAwMDAwMDAwMDAwfX0=",
          "dependencies": [
            "ncloud_vpc.vpc",
            "random_string.prefix"
          ]
        }
      ]
    },
    {
      "mode": "managed",
      "type": "ncloud_network_acl",
      "name": "nacl",
      "provider": "provider[\"registry.terraform.io/navercloudplatform/ncloud\"]",
      "instances": [
        {
          "schema_version": 0,
          "attributes": {
            "description": "",
            "id": "9055",
            "is_default": false,
            "name": "tf-kcg-vpc-bxv-nacl-default",
            "network_acl_no": "9055",
            "vpc_no": "6386"
          },
          "private": "bnVsbA==",
          "dependencies": [
            "ncloud_vpc.vpc",
            "random_string.prefix"
          ]
        }
      ]
    },
    {
      "mode": "managed",
      "type": "ncloud_network_interface",
      "name": "ansible-nic",
      "provider": "provider[\"registry.terraform.io/navercloudplatform/ncloud\"]",
      "instances": [
        {
          "schema_version": 0,
          "attributes": {
            "access_control_groups": [
              "10958"
            ],
            "description": "",
            "id": "116370",
            "instance_type": "VSVR",
            "is_default": true,
            "name": "tf-kcg-ansible-nic",
            "network_interface_no": "116370",
            "private_ip": "10.200.10.6",
            "server_instance_no": "6454332",
            "status": "USED",
            "subnet_no": "10968"
          },
          "private": "bnVsbA==",
          "dependencies": [
            "ncloud_access_control_group.acg",
            "ncloud_subnet.vpc_pub_subnet",
            "ncloud_vpc.vpc"
          ]
        }
      ]
    },
    {
      "mode": "managed",
      "type": "ncloud_public_ip",
      "name": "ansible-pub-ip",
      "provider": "provider[\"registry.terraform.io/navercloudplatform/ncloud\"]",
      "instances": [
        {
          "schema_version": 0,
          "attributes": {
            "description": "",
            "id": "6454351",
            "instance_no": null,
            "internet_line_type": null,
            "kind_type": null,
            "public_ip": "221.168.32.215",
            "public_ip_no": "6454351",
            "server_instance_no": "6454332",
            "zone": null
          },
          "private": "bnVsbA==",
          "dependencies": [
            "ncloud_access_control_group.acg",
            "ncloud_init_script.init-passwd-centos",
            "ncloud_login_key.loginkey",
            "ncloud_network_interface.ansible-nic",
            "ncloud_server.ansible-server",
            "ncloud_subnet.vpc_pub_subnet",
            "ncloud_vpc.vpc"
          ]
        }
      ]
    },
    {
      "mode": "managed",
      "type": "ncloud_server",
      "name": "ansible-server",
      "provider": "provider[\"registry.terraform.io/navercloudplatform/ncloud\"]",
      "instances": [
        {
          "schema_version": 0,
          "attributes": {
            "access_control_group_configuration_no_list": null,
            "base_block_storage_disk_detail_type": null,
            "base_block_storage_disk_type": "NET",
            "base_block_storage_size": null,
            "cpu_count": 2,
            "description": "",
            "fee_system_type_code": null,
            "id": "6454332",
            "init_script_no": "7128",
            "instance_no": "6454332",
            "internet_line_type": null,
            "is_encrypted_base_block_storage_volume": null,
            "is_fee_charging_monitoring": null,
            "is_protect_server_termination": false,
            "login_key_name": "Terraform-kcg",
            "member_server_image_no": null,
            "memory_size": 4294967296,
            "name": "tf-kcg-ansible-server",
            "network_interface": [
              {
                "network_interface_no": "116370",
                "order": 0,
                "private_ip": "10.200.10.6",
                "subnet_no": "10968"
              }
            ],
            "placement_group_no": "",
            "platform_type": "LNX64",
            "port_forwarding_external_port": null,
            "port_forwarding_internal_port": null,
            "port_forwarding_public_ip": null,
            "private_ip": null,
            "public_ip": "221.168.32.215",
            "raid_type_name": null,
            "region": null,
            "server_image_name": null,
            "server_image_product_code": "SW.VSVR.OS.LNX64.CNTOS.0708.B050",
            "server_product_code": "SVR.VSVR.STAND.C002.M004.NET.HDD.B050.G001",
            "subnet_no": "10968",
            "tag_list": [],
            "timeouts": null,
            "user_data": null,
            "vpc_no": "6386",
            "zone": "FKR-1"
          },
          "private": "eyJlMmJmYjczMC1lY2FhLTExZTYtOGY4OC0zNDM2M2JjN2M0YzAiOnsiY3JlYXRlIjozNjAwMDAwMDAwMDAwLCJkZWxldGUiOjMwMDAwMDAwMDAwMH19",
          "dependencies": [
            "ncloud_access_control_group.acg",
            "ncloud_init_script.init-passwd-centos",
            "ncloud_login_key.loginkey",
            "ncloud_network_interface.ansible-nic",
            "ncloud_subnet.vpc_pub_subnet",
            "ncloud_vpc.vpc"
          ]
        }
      ]
    },
    {
      "mode": "managed",
      "type": "ncloud_subnet",
      "name": "vpc_priv_subnet",
      "provider": "provider[\"registry.terraform.io/navercloudplatform/ncloud\"]",
      "instances": [
        {
          "schema_version": 0,
          "attributes": {
            "id": "10969",
            "name": "tf-kcg-vpc-bxv-priv-subnet",
            "network_acl_no": "9055",
            "subnet": "10.200.20.0/24",
            "subnet_no": "10969",
            "subnet_type": "PRIVATE",
            "usage_type": "GEN",
            "vpc_no": "6386",
            "zone": "FKR-1"
          },
          "private": "bnVsbA==",
          "dependencies": [
            "ncloud_network_acl.nacl",
            "ncloud_vpc.vpc"
          ]
        }
      ]
    },
    {
      "mode": "managed",
      "type": "ncloud_subnet",
      "name": "vpc_pub_subnet",
      "provider": "provider[\"registry.terraform.io/navercloudplatform/ncloud\"]",
      "instances": [
        {
          "schema_version": 0,
          "attributes": {
            "id": "10968",
            "name": "tf-kcg-vpc-bxv-pub-subnet",
            "network_acl_no": "9055",
            "subnet": "10.200.10.0/24",
            "subnet_no": "10968",
            "subnet_type": "PUBLIC",
            "usage_type": "GEN",
            "vpc_no": "6386",
            "zone": "FKR-1"
          },
          "private": "bnVsbA==",
          "dependencies": [
            "ncloud_network_acl.nacl",
            "ncloud_vpc.vpc",
            "random_string.prefix"
          ]
        }
      ]
    },
    {
      "mode": "managed",
      "type": "ncloud_vpc",
      "name": "vpc",
      "provider": "provider[\"registry.terraform.io/navercloudplatform/ncloud\"]",
      "instances": [
        {
          "schema_version": 0,
          "attributes": {
            "default_access_control_group_no": "10957",
            "default_network_acl_no": "9054",
            "default_private_route_table_no": "13484",
            "default_public_route_table_no": "13483",
            "id": "6386",
            "ipv4_cidr_block": "10.200.0.0/16",
            "name": "tf-kcg-vpc-bxv",
            "vpc_no": "6386"
          },
          "private": "bnVsbA==",
          "dependencies": [
            "random_string.prefix"
          ]
        }
      ]
    },
    {
      "mode": "managed",
      "type": "null_resource",
      "name": "ansible-setup",
      "provider": "provider[\"registry.terraform.io/hashicorp/null\"]",
      "instances": [
        {
          "status": "tainted",
          "schema_version": 0,
          "attributes": {
            "id": "5838909157424071301",
            "triggers": null
          },
          "private": "bnVsbA==",
          "dependencies": [
            "ncloud_public_ip.ansible-pub-ip",
            "ncloud_server.ansible-server"
          ]
        }
      ]
    },
    {
      "mode": "managed",
      "type": "random_string",
      "name": "prefix",
      "provider": "provider[\"registry.terraform.io/hashicorp/random\"]",
      "instances": [
        {
          "schema_version": 1,
          "attributes": {
            "id": "bxv",
            "keepers": null,
            "length": 3,
            "lower": true,
            "min_lower": 0,
            "min_numeric": 0,
            "min_special": 0,
            "min_upper": 0,
            "number": false,
            "override_special": null,
            "result": "bxv",
            "special": false,
            "upper": false
          },
          "private": "eyJzY2hlbWFfdmVyc2lvbiI6IjEifQ=="
        }
      ]
    }
  ]
}
