{
  "version": 4,
  "terraform_version": "0.13.5",
  "serial": 18,
  "lineage": "cd3edcd7-bca6-265b-61b7-ca8cd88496ab",
  "outputs": {},
  "resources": [
    {
      "mode": "data",
      "type": "ncloud_access_control_group",
      "name": "acg",
      "provider": "provider[\"registry.terraform.io/navercloudplatform/ncloud\"]",
      "instances": [
        {
          "schema_version": 0,
          "attributes": {
            "access_control_group_no": "24001",
            "configuration_no": null,
            "description": "",
            "filter": null,
            "id": "24001",
            "is_default": false,
            "is_default_group": null,
            "name": "tf-kcg-vpc01-acg",
            "vpc_no": "13970"
          }
        }
      ]
    },
    {
      "mode": "data",
      "type": "ncloud_init_script",
      "name": "init-bastion",
      "provider": "provider[\"registry.terraform.io/navercloudplatform/ncloud\"]",
      "instances": [
        {
          "schema_version": 0,
          "attributes": {
            "description": "",
            "filter": null,
            "id": "16087",
            "init_script_no": "16087",
            "name": "tf-init-bastion-centos",
            "os_type": "LNX"
          }
        }
      ]
    },
    {
      "mode": "data",
      "type": "ncloud_subnet",
      "name": "vpc_pub_subnet",
      "provider": "provider[\"registry.terraform.io/navercloudplatform/ncloud\"]",
      "instances": [
        {
          "schema_version": 0,
          "attributes": {
            "filter": null,
            "id": "21820",
            "name": "tf-kcg-vpc01-pub-subnet",
            "network_acl_no": "17903",
            "subnet": "10.200.10.0/24",
            "subnet_no": "21820",
            "subnet_type": "PUBLIC",
            "usage_type": "GEN",
            "vpc_no": "13970",
            "zone": "FKR-2"
          }
        }
      ]
    },
    {
      "mode": "data",
      "type": "ncloud_vpc",
      "name": "vpc",
      "provider": "provider[\"registry.terraform.io/navercloudplatform/ncloud\"]",
      "instances": [
        {
          "schema_version": 0,
          "attributes": {
            "default_access_control_group_no": null,
            "default_network_acl_no": null,
            "default_private_route_table_no": null,
            "default_public_route_table_no": null,
            "filter": null,
            "id": "13970",
            "ipv4_cidr_block": "10.200.0.0/16",
            "name": "tf-kcg-vpc01",
            "vpc_no": "13970"
          }
        }
      ]
    },
    {
      "mode": "managed",
      "type": "ncloud_login_key",
      "name": "loginkey",
      "provider": "provider[\"registry.terraform.io/navercloudplatform/ncloud\"]",
      "instances": [
        {
          "schema_version": 0,
          "attributes": {
            "fingerprint": "a6:68:88:fe:4c:67:42:23:d6:12:59:ff:30:23:cf:32",
            "id": "Terraform-kcg-bastion-key",
            "key_name": "Terraform-kcg-bastion-key",
            "private_key": "-----BEGIN RSA PRIVATE KEY-----\nMIIEpAIBAAKCAQEA3mEuOeoCAOSz7rtPTNFtEp2Ns78JoqbBt0gtRAavLRmz7+qg\nRfR5Y0WSMfChv6JZ5YKapTJzdYOwvesALRQtm+WU+vrEK7fAQL3PndgyjRETUTMV\n6jNMIyZ8F+e9lP43YqDnQq2bMTtS9ouY6exm8Q8ynherTQYdvp+/NceaFdu4U0Qh\nYAaz7Re3yn4dNL10hK3U8Xz/igBntDOk+NF/dlVl8eRcQv28MiXqOwrT44f6zIZR\n91EzeAmIMiZAW5zIZg9P2spBRiHvVqXNlu9vFMr0mDIc+pla1G7scAsOg2cIJe7K\nebz5/aIOvLA9i6QO9Eo5FTuUvzAe26B0LLFxnwIDAQABAoIBABl9WicZQ5GGpXk/\nzx8nAjGYDZ4Ez73tD1dK1qVtfrbUs2NUqXpbQ261ksRWqLOmkFdWWROGbOWTarba\nMPL51SCBeEosZD/+l/LTzvBwz5qL0oMEMAbgSmHdD2xOC9UALqkHeHqUG63Q9vl7\nltN5XXNUIqEsZV42zUIEXY50ipzmk87Gd8qzCruYF+0wb/69NtpYB21vLRM2ngnP\nh3kdI8tRx+F7ZkINsDy4XrPUSHm0B6tHLMPXkb0WYezMm4Bsfl9pOYQscVDpwpvO\njJMKZC82v1qb9KFBotJ0pknVB/7nNOv7PAW3UAmJ/uYJfJUS+9QwpnMlaJotskua\nHwsddUECgYEA8P8Ans0suPM7Dyhf081kF1cUuztHZHR4jkQi3XDHvqyI4c3fPY5i\n5LPKMN55im7dGnISK0Fo96qrrCp7ObgVaYwL2Won+cl84zqB0j/NPVyzXkqdecPJ\nWCXM7pRs1i2+yfv7Nz1Bu5q+rhJDzDWbNLsJ4v+zzq044EBZZ6Tj4vsCgYEA7Dl3\n52g5fRE2O/JCXrJq5PaQlqm3StltFsPYkuRNeIaKtAMxS4Dxdc9PEQFoPuRK3Rr4\nYCH+ZiyCssEbVuSwCJE8I2BYe2B1fVWgSc3DWGDAHx4Htqp3igpBLrXhxSaE8XIx\ndk4WuDkbQH6EWE2ZCw16UQwhIw0dzj0Ry70Vyq0CgYBgIXf/4Fv8kpl2XGaNOBq6\n7LOKVAUQXx1PsoItzrT+rBgV6mcoSMnN7KG0iKn2vG5aBDKXKopScLP2AyQQTAvO\nhFydpyi3DNZSVZ4/Xc/isD2kWSMj1SNVlA6BBJe9f5XhQDBfQoIb8YgqK4L7zE5S\n5GD3OYRh5tsPKNwA6dc1TQKBgQDqACOev8fy9FHdICZO2D67gOPJ22UOaEOAAZFQ\nMYfslJphp6f1O031fd684b/6TPs7+7N+xy3S2NS/bjs+4Frgob4I7S+5R9waw+98\nLLANpAmsyXqqoEK6I15efx2exoF7C7ujjcdDxo4QXUOMlZG9OSSplHJe3mdgHW67\nfBtSIQKBgQDqr6I6EDVIenbjUCphJTtzYKe7D/R4rx5JYufOREuZLRcXXMmEmbHI\nAdTt6uDm/CguMXmRJ59VF1zwwmtBoybUUysp+YncKzpI9m57OBx/Bes/bpUUahSX\nXMB+sC7lo2q+f+1QTDWBQCPD3JzmIp7+YFNa/+bKbXZn+08aBLJBKw==\n-----END RSA PRIVATE KEY-----",
            "timeouts": null
          },
          "private": "eyJlMmJmYjczMC1lY2FhLTExZTYtOGY4OC0zNDM2M2JjN2M0YzAiOnsiY3JlYXRlIjozMDAwMDAwMDAwMDAsImRlbGV0ZSI6MzAwMDAwMDAwMDAwfX0="
        }
      ]
    },
    {
      "mode": "managed",
      "type": "ncloud_network_interface",
      "name": "bastion-nic",
      "provider": "provider[\"registry.terraform.io/navercloudplatform/ncloud\"]",
      "instances": [
        {
          "schema_version": 0,
          "attributes": {
            "access_control_groups": [
              "24001"
            ],
            "description": "",
            "id": "238756",
            "instance_type": "VSVR",
            "is_default": true,
            "name": "tf-kcg-bastion-nic",
            "network_interface_no": "238756",
            "private_ip": "10.200.10.6",
            "server_instance_no": "10917484",
            "status": "USED",
            "subnet_no": "21820"
          },
          "private": "bnVsbA==",
          "dependencies": [
            "data.ncloud_access_control_group.acg",
            "data.ncloud_subnet.vpc_pub_subnet"
          ]
        }
      ]
    },
    {
      "mode": "managed",
      "type": "ncloud_public_ip",
      "name": "bastion-pub-ip",
      "provider": "provider[\"registry.terraform.io/navercloudplatform/ncloud\"]",
      "instances": [
        {
          "schema_version": 0,
          "attributes": {
            "description": "",
            "id": "10917521",
            "instance_no": null,
            "internet_line_type": null,
            "kind_type": null,
            "public_ip": "221.168.33.102",
            "public_ip_no": "10917521",
            "server_instance_no": "10917484",
            "zone": null
          },
          "private": "bnVsbA==",
          "dependencies": [
            "data.ncloud_access_control_group.acg",
            "data.ncloud_init_script.init-bastion",
            "data.ncloud_subnet.vpc_pub_subnet",
            "ncloud_login_key.loginkey",
            "ncloud_network_interface.bastion-nic",
            "ncloud_server.bastion-server"
          ]
        }
      ]
    },
    {
      "mode": "managed",
      "type": "ncloud_server",
      "name": "bastion-server",
      "provider": "provider[\"registry.terraform.io/navercloudplatform/ncloud\"]",
      "instances": [
        {
          "schema_version": 0,
          "attributes": {
            "access_control_group_configuration_no_list": null,
            "base_block_storage_disk_detail_type": "HDD",
            "base_block_storage_disk_type": "NET",
            "base_block_storage_size": null,
            "cpu_count": 2,
            "description": "",
            "fee_system_type_code": null,
            "id": "10917484",
            "init_script_no": "16087",
            "instance_no": "10917484",
            "internet_line_type": null,
            "is_encrypted_base_block_storage_volume": null,
            "is_fee_charging_monitoring": null,
            "is_protect_server_termination": false,
            "login_key_name": "Terraform-kcg-bastion-key",
            "member_server_image_no": null,
            "memory_size": 4294967296,
            "name": "tf-kcg-bastion-server",
            "network_interface": [
              {
                "network_interface_no": "238756",
                "order": 0,
                "private_ip": "10.200.10.6",
                "subnet_no": "21820"
              }
            ],
            "placement_group_no": "",
            "platform_type": "LNX64",
            "port_forwarding_external_port": null,
            "port_forwarding_internal_port": null,
            "port_forwarding_public_ip": null,
            "private_ip": null,
            "public_ip": "221.168.33.102",
            "raid_type_name": null,
            "region": null,
            "server_image_name": null,
            "server_image_product_code": "SW.VSVR.OS.LNX64.CNTOS.0708.B050",
            "server_product_code": "SVR.VSVR.STAND.C002.M004.NET.HDD.B050.G001",
            "subnet_no": "21820",
            "tag_list": [],
            "timeouts": null,
            "user_data": null,
            "vpc_no": "13970",
            "zone": "FKR-2"
          },
          "private": "eyJlMmJmYjczMC1lY2FhLTExZTYtOGY4OC0zNDM2M2JjN2M0YzAiOnsiY3JlYXRlIjozNjAwMDAwMDAwMDAwLCJkZWxldGUiOjMwMDAwMDAwMDAwMH19",
          "dependencies": [
            "data.ncloud_access_control_group.acg",
            "data.ncloud_init_script.init-bastion",
            "data.ncloud_subnet.vpc_pub_subnet",
            "ncloud_login_key.loginkey",
            "ncloud_network_interface.bastion-nic"
          ]
        }
      ]
    }
  ]
}
