{
  "version": 4,
  "terraform_version": "0.13.5",
  "serial": 5,
  "lineage": "16ba92e6-c032-f382-164a-c90a8608c60e",
  "outputs": {},
  "resources": [
    {
      "mode": "data",
      "type": "ncloud_network_interface",
      "name": "exechost-nic",
      "provider": "provider[\"registry.terraform.io/navercloudplatform/ncloud\"]",
      "instances": [
        {
          "schema_version": 0,
          "attributes": {
            "access_control_groups": [
              "16317"
            ],
            "description": "",
            "filter": [
              {
                "name": "server_instance_no",
                "regex": false,
                "values": [
                  "7460350"
                ]
              }
            ],
            "id": "136144",
            "instance_type": "VSVR",
            "is_default": true,
            "name": "tf-kcg-exechost-nic",
            "network_interface_no": "136144",
            "private_ip": "10.200.20.6",
            "server_instance_no": "7460350",
            "status": "USED",
            "subnet_no": "16195"
          }
        }
      ]
    },
    {
      "mode": "data",
      "type": "ncloud_server",
      "name": "bastion-server",
      "provider": "provider[\"registry.terraform.io/navercloudplatform/ncloud\"]",
      "instances": [
        {
          "schema_version": 0,
          "attributes": {
            "base_block_storage_disk_detail_type": "HDD",
            "base_block_storage_disk_type": "NET",
            "base_block_storage_size": null,
            "cpu_count": 2,
            "description": "",
            "filter": [
              {
                "name": "name",
                "regex": false,
                "values": [
                  "tf-kcg-bastion-server"
                ]
              }
            ],
            "id": "7459057",
            "init_script_no": "11747",
            "instance_no": "7459057",
            "internet_line_type": null,
            "is_encrypted_base_block_storage_volume": null,
            "is_fee_charging_monitoring": null,
            "is_protect_server_termination": false,
            "login_key_name": "Terraform-kcg-bastion-key",
            "memory_size": 4294967296,
            "name": "tf-kcg-bastion-server",
            "network_interface": [
              {
                "network_interface_no": "136078",
                "order": 0,
                "private_ip": "",
                "subnet_no": ""
              }
            ],
            "placement_group_no": "",
            "platform_type": "LNX64",
            "port_forwarding_external_port": null,
            "port_forwarding_internal_port": null,
            "port_forwarding_public_ip": null,
            "private_ip": null,
            "public_ip": "221.168.36.27",
            "region": null,
            "server_image_name": null,
            "server_image_product_code": "SW.VSVR.OS.LNX64.CNTOS.0708.B050",
            "server_product_code": "SVR.VSVR.STAND.C002.M004.NET.HDD.B050.G001",
            "subnet_no": "16188",
            "vpc_no": "11187",
            "zone": "FKR-2"
          }
        }
      ]
    },
    {
      "mode": "data",
      "type": "ncloud_server",
      "name": "exechost-server",
      "provider": "provider[\"registry.terraform.io/navercloudplatform/ncloud\"]",
      "instances": [
        {
          "schema_version": 0,
          "attributes": {
            "base_block_storage_disk_detail_type": "HDD",
            "base_block_storage_disk_type": "NET",
            "base_block_storage_size": null,
            "cpu_count": 2,
            "description": "",
            "filter": [
              {
                "name": "name",
                "regex": false,
                "values": [
                  "tf-kcg-exechost-server"
                ]
              }
            ],
            "id": "7460350",
            "init_script_no": "11749",
            "instance_no": "7460350",
            "internet_line_type": null,
            "is_encrypted_base_block_storage_volume": null,
            "is_fee_charging_monitoring": null,
            "is_protect_server_termination": false,
            "login_key_name": "Terraform-kcg-exechost-key",
            "memory_size": 4294967296,
            "name": "tf-kcg-exechost-server",
            "network_interface": [
              {
                "network_interface_no": "136144",
                "order": 0,
                "private_ip": "",
                "subnet_no": ""
              }
            ],
            "placement_group_no": "",
            "platform_type": "LNX64",
            "port_forwarding_external_port": null,
            "port_forwarding_internal_port": null,
            "port_forwarding_public_ip": null,
            "private_ip": null,
            "public_ip": "",
            "region": null,
            "server_image_name": null,
            "server_image_product_code": "SW.VSVR.OS.LNX64.CNTOS.0708.B050",
            "server_product_code": "SVR.VSVR.STAND.C002.M004.NET.HDD.B050.G001",
            "subnet_no": "16195",
            "vpc_no": "11187",
            "zone": "FKR-2"
          }
        }
      ]
    },
    {
      "mode": "managed",
      "type": "ncloud_nas_volume",
      "name": "exechost-nas",
      "provider": "provider[\"registry.terraform.io/navercloudplatform/ncloud\"]",
      "instances": [
        {
          "schema_version": 0,
          "attributes": {
            "cifs_user_name": "",
            "cifs_user_password": "",
            "custom_ip_list": [],
            "description": "",
            "id": "7462146",
            "is_encrypted_volume": false,
            "is_event_configuration": false,
            "is_snapshot_configuration": false,
            "mount_information": "169.254.3.5:/n2605580_kcgnas",
            "name": "n2605580_kcgnas",
            "nas_volume_no": "7462146",
            "server_instance_no_list": [
              "7460350"
            ],
            "snapshot_volume_size": 0,
            "timeouts": null,
            "volume_allotment_protocol_type": "NFS",
            "volume_name_postfix": "kcgnas",
            "volume_size": 500,
            "volume_total_size": 500,
            "zone": "FKR-2"
          },
          "private": "eyJlMmJmYjczMC1lY2FhLTExZTYtOGY4OC0zNDM2M2JjN2M0YzAiOnsiY3JlYXRlIjozNjAwMDAwMDAwMDAwLCJkZWxldGUiOjMwMDAwMDAwMDAwMH19",
          "dependencies": [
            "data.ncloud_server.exechost-server"
          ]
        }
      ]
    },
    {
      "mode": "managed",
      "type": "null_resource",
      "name": "exechost-nfs-setup",
      "provider": "provider[\"registry.terraform.io/hashicorp/null\"]",
      "instances": [
        {
          "schema_version": 0,
          "attributes": {
            "id": "1115278844863062816",
            "triggers": null
          },
          "private": "bnVsbA==",
          "dependencies": [
            "data.ncloud_network_interface.exechost-nic",
            "data.ncloud_server.bastion-server",
            "ncloud_nas_volume.exechost-nas"
          ]
        }
      ]
    }
  ]
}
