{
  "version": 4,
  "terraform_version": "1.0.4",
  "serial": 14,
  "lineage": "46d91fb9-9427-50ad-2344-16b075d0cc3c",
  "outputs": {},
  "resources": [
    {
      "mode": "data",
      "type": "ncloud_root_password",
      "name": "bastion-root-password",
      "provider": "provider[\"registry.terraform.io/navercloudplatform/ncloud\"]",
      "instances": [
        {
          "index_key": 0,
          "schema_version": 0,
          "attributes": {
            "id": "7732868",
            "private_key": "-----BEGIN RSA PRIVATE KEY-----\nMIIEogIBAAKCAQEAsGFlgdlqjUo46ryc7Y5q/u5Am7e0fMBlzeatxTD6e/15sMUv\nXbp27z+FMVXuv/qmoGki+yScRZZAswFVyhxt2Duu9d4WhXTZX/aNC+bmH51OUdpV\nrJ8gV2DSCXT1V+L+lIL4c8ULWrZNLYNQT53pFTHAYkwVuNT/hJ/+eDRWP/aMoBTO\nKdC9HlBZl9ZWdOorctnsOl/jGk6kY2FyLpLe9JWfNlGDpeCRCL0gihpazKC35o2X\nVxtpfcadRnymU86fL1lnWuytsFbO/elNn9cgPa5Hz57yh7en2+j5H9BGWIy5YN5+\nuoZ23CbyntRFgNcQm++/YS2PgBciWEZiLHZWgQIDAQABAoIBAH3D1OczqcA5LkBi\nYNsac7x3EeZ2pOFXJsAcPcefVtvWL1EWKOICNQ//EO/OwEBvbyRuEx1US4Fq05NP\n3mYQw1otpGF4DEL4wI6mdIgKCgh81/2RWwmNJThotxs7JD2Yg8JNaO7Tj3cNChbr\nzPYYOLx+DxmH+u0iI1fj5US8vMs5xyWHaw/xt9lENoZD+K4aP5+P7PfReJ5uhdoH\nl+mRri9b+o77CV7slbln61SmlyUdTPfkmZv++UgwPGetRPkwHiqIshMwxUvkYsVx\nEgaUTw6WZyXpLY3C58p2Gul4wBCgwN+DzhMgPfW6SxgYt+x5R9wMxdTGKn9mbnyQ\nOddKeAECgYEA6oVEHNnaJvsY94BkYyZoLtvSU5Ou0yy7emD1Jw3Js2JVufK4njjw\nuuJIFu+l2zU+nidpG2ilFMidRw8yRAEKzeO/jZHxQ2FdA4mKaqALaWbtjqsnIc/j\nAmi85XaSB/haXZlsSyhEk3f7YQrmcBgZu0JQ2+KQ1b0yXrEZJXcSKSECgYEAwIjv\nvYKwFQfx892wvL4bLstASFoXiVlhkrquuTD4jDahRFb+GZnTfQTHVtJxio97KGOX\nhQ4XMvSBBNTFXi3hEGxmcz5HQ82zeM9o2WGaZpaPsa3nwusrqm15r3+hyVonuPD0\n7/bZCfr/LdwteB5TtdkhL0iYrPo1S6xa8hjXoWECgYBHyYVhA3qYphItaNrR0ubf\nOSC3vqQsNiwpONayHrFYPMibA+ZpYGqn+i4w/yiY4kKJrOyqnCy0IPir0MYFNQB2\np7lx/3OHuZz8QTTikJ0NpZkgK9ntqrIFgcQYxWPMFsSqlBUnKGtdbMPBH9IMDASM\nYq9Xr5HAK4rom3NkGX+woQKBgAK878veI+ropgQ1zuGgQnqz4UImJdeKMd0IUpvH\nmoFD9Z8nLY3nph5NBxiw/XRe/f1hDTKTNLlAyOTssbHZLS4ynHJfHFxWfIrnSDJv\nNObolTqNopIfDgvqaqSYSBC4+3+hzZnsBMIjk6VvUCY5KC+Z2uL1QVaUaFWfKdvv\nhoGBAoGATK2WVCp+StVzdAyDBbgUa+2hYvZjDMhxUGQ09gmlgDfCksJgI8bYwcsx\n4N9u/ECtmOXUGy/+OaHJLgcJkQkzhzEF5CKzkd2OF+tZgWQNCIVjXErwB5W/ZXYq\n/HXNWL14Kzok71YttSwrJewWJqVVnCjyoSkPdPx4D6Hu4aKK3+4=\n-----END RSA PRIVATE KEY-----",
            "root_password": "M2G4F5aJd5y",
            "server_instance_no": "7732868"
          },
          "sensitive_attributes": [
            [
              {
                "type": "get_attr",
                "value": "private_key"
              }
            ]
          ]
        },
        {
          "index_key": 1,
          "schema_version": 0,
          "attributes": {
            "id": "7732869",
            "private_key": "-----BEGIN RSA PRIVATE KEY-----\nMIIEogIBAAKCAQEAsGFlgdlqjUo46ryc7Y5q/u5Am7e0fMBlzeatxTD6e/15sMUv\nXbp27z+FMVXuv/qmoGki+yScRZZAswFVyhxt2Duu9d4WhXTZX/aNC+bmH51OUdpV\nrJ8gV2DSCXT1V+L+lIL4c8ULWrZNLYNQT53pFTHAYkwVuNT/hJ/+eDRWP/aMoBTO\nKdC9HlBZl9ZWdOorctnsOl/jGk6kY2FyLpLe9JWfNlGDpeCRCL0gihpazKC35o2X\nVxtpfcadRnymU86fL1lnWuytsFbO/elNn9cgPa5Hz57yh7en2+j5H9BGWIy5YN5+\nuoZ23CbyntRFgNcQm++/YS2PgBciWEZiLHZWgQIDAQABAoIBAH3D1OczqcA5LkBi\nYNsac7x3EeZ2pOFXJsAcPcefVtvWL1EWKOICNQ//EO/OwEBvbyRuEx1US4Fq05NP\n3mYQw1otpGF4DEL4wI6mdIgKCgh81/2RWwmNJThotxs7JD2Yg8JNaO7Tj3cNChbr\nzPYYOLx+DxmH+u0iI1fj5US8vMs5xyWHaw/xt9lENoZD+K4aP5+P7PfReJ5uhdoH\nl+mRri9b+o77CV7slbln61SmlyUdTPfkmZv++UgwPGetRPkwHiqIshMwxUvkYsVx\nEgaUTw6WZyXpLY3C58p2Gul4wBCgwN+DzhMgPfW6SxgYt+x5R9wMxdTGKn9mbnyQ\nOddKeAECgYEA6oVEHNnaJvsY94BkYyZoLtvSU5Ou0yy7emD1Jw3Js2JVufK4njjw\nuuJIFu+l2zU+nidpG2ilFMidRw8yRAEKzeO/jZHxQ2FdA4mKaqALaWbtjqsnIc/j\nAmi85XaSB/haXZlsSyhEk3f7YQrmcBgZu0JQ2+KQ1b0yXrEZJXcSKSECgYEAwIjv\nvYKwFQfx892wvL4bLstASFoXiVlhkrquuTD4jDahRFb+GZnTfQTHVtJxio97KGOX\nhQ4XMvSBBNTFXi3hEGxmcz5HQ82zeM9o2WGaZpaPsa3nwusrqm15r3+hyVonuPD0\n7/bZCfr/LdwteB5TtdkhL0iYrPo1S6xa8hjXoWECgYBHyYVhA3qYphItaNrR0ubf\nOSC3vqQsNiwpONayHrFYPMibA+ZpYGqn+i4w/yiY4kKJrOyqnCy0IPir0MYFNQB2\np7lx/3OHuZz8QTTikJ0NpZkgK9ntqrIFgcQYxWPMFsSqlBUnKGtdbMPBH9IMDASM\nYq9Xr5HAK4rom3NkGX+woQKBgAK878veI+ropgQ1zuGgQnqz4UImJdeKMd0IUpvH\nmoFD9Z8nLY3nph5NBxiw/XRe/f1hDTKTNLlAyOTssbHZLS4ynHJfHFxWfIrnSDJv\nNObolTqNopIfDgvqaqSYSBC4+3+hzZnsBMIjk6VvUCY5KC+Z2uL1QVaUaFWfKdvv\nhoGBAoGATK2WVCp+StVzdAyDBbgUa+2hYvZjDMhxUGQ09gmlgDfCksJgI8bYwcsx\n4N9u/ECtmOXUGy/+OaHJLgcJkQkzhzEF5CKzkd2OF+tZgWQNCIVjXErwB5W/ZXYq\n/HXNWL14Kzok71YttSwrJewWJqVVnCjyoSkPdPx4D6Hu4aKK3+4=\n-----END RSA PRIVATE KEY-----",
            "root_password": "D6JbM$*iYPB4q",
            "server_instance_no": "7732869"
          },
          "sensitive_attributes": [
            [
              {
                "type": "get_attr",
                "value": "private_key"
              }
            ]
          ]
        },
        {
          "index_key": 2,
          "schema_version": 0,
          "attributes": {
            "id": "7732870",
            "private_key": "-----BEGIN RSA PRIVATE KEY-----\nMIIEogIBAAKCAQEAsGFlgdlqjUo46ryc7Y5q/u5Am7e0fMBlzeatxTD6e/15sMUv\nXbp27z+FMVXuv/qmoGki+yScRZZAswFVyhxt2Duu9d4WhXTZX/aNC+bmH51OUdpV\nrJ8gV2DSCXT1V+L+lIL4c8ULWrZNLYNQT53pFTHAYkwVuNT/hJ/+eDRWP/aMoBTO\nKdC9HlBZl9ZWdOorctnsOl/jGk6kY2FyLpLe9JWfNlGDpeCRCL0gihpazKC35o2X\nVxtpfcadRnymU86fL1lnWuytsFbO/elNn9cgPa5Hz57yh7en2+j5H9BGWIy5YN5+\nuoZ23CbyntRFgNcQm++/YS2PgBciWEZiLHZWgQIDAQABAoIBAH3D1OczqcA5LkBi\nYNsac7x3EeZ2pOFXJsAcPcefVtvWL1EWKOICNQ//EO/OwEBvbyRuEx1US4Fq05NP\n3mYQw1otpGF4DEL4wI6mdIgKCgh81/2RWwmNJThotxs7JD2Yg8JNaO7Tj3cNChbr\nzPYYOLx+DxmH+u0iI1fj5US8vMs5xyWHaw/xt9lENoZD+K4aP5+P7PfReJ5uhdoH\nl+mRri9b+o77CV7slbln61SmlyUdTPfkmZv++UgwPGetRPkwHiqIshMwxUvkYsVx\nEgaUTw6WZyXpLY3C58p2Gul4wBCgwN+DzhMgPfW6SxgYt+x5R9wMxdTGKn9mbnyQ\nOddKeAECgYEA6oVEHNnaJvsY94BkYyZoLtvSU5Ou0yy7emD1Jw3Js2JVufK4njjw\nuuJIFu+l2zU+nidpG2ilFMidRw8yRAEKzeO/jZHxQ2FdA4mKaqALaWbtjqsnIc/j\nAmi85XaSB/haXZlsSyhEk3f7YQrmcBgZu0JQ2+KQ1b0yXrEZJXcSKSECgYEAwIjv\nvYKwFQfx892wvL4bLstASFoXiVlhkrquuTD4jDahRFb+GZnTfQTHVtJxio97KGOX\nhQ4XMvSBBNTFXi3hEGxmcz5HQ82zeM9o2WGaZpaPsa3nwusrqm15r3+hyVonuPD0\n7/bZCfr/LdwteB5TtdkhL0iYrPo1S6xa8hjXoWECgYBHyYVhA3qYphItaNrR0ubf\nOSC3vqQsNiwpONayHrFYPMibA+ZpYGqn+i4w/yiY4kKJrOyqnCy0IPir0MYFNQB2\np7lx/3OHuZz8QTTikJ0NpZkgK9ntqrIFgcQYxWPMFsSqlBUnKGtdbMPBH9IMDASM\nYq9Xr5HAK4rom3NkGX+woQKBgAK878veI+ropgQ1zuGgQnqz4UImJdeKMd0IUpvH\nmoFD9Z8nLY3nph5NBxiw/XRe/f1hDTKTNLlAyOTssbHZLS4ynHJfHFxWfIrnSDJv\nNObolTqNopIfDgvqaqSYSBC4+3+hzZnsBMIjk6VvUCY5KC+Z2uL1QVaUaFWfKdvv\nhoGBAoGATK2WVCp+StVzdAyDBbgUa+2hYvZjDMhxUGQ09gmlgDfCksJgI8bYwcsx\n4N9u/ECtmOXUGy/+OaHJLgcJkQkzhzEF5CKzkd2OF+tZgWQNCIVjXErwB5W/ZXYq\n/HXNWL14Kzok71YttSwrJewWJqVVnCjyoSkPdPx4D6Hu4aKK3+4=\n-----END RSA PRIVATE KEY-----",
            "root_password": "U9?UDP+FMe",
            "server_instance_no": "7732870"
          },
          "sensitive_attributes": [
            [
              {
                "type": "get_attr",
                "value": "private_key"
              }
            ]
          ]
        }
      ]
    },
    {
      "mode": "managed",
      "type": "ncloud_login_key",
      "name": "loginkey",
      "provider": "provider[\"registry.terraform.io/navercloudplatform/ncloud\"]",
      "instances": [
        {
          "schema_version": 0,
          "attributes": {
            "fingerprint": "b8:91:fd:50:b7:35:93:b2:b6:15:11:c9:54:8d:64:ce",
            "id": "Terraform-classic-dayeon-key",
            "key_name": "Terraform-classic-dayeon-key",
            "private_key": "-----BEGIN RSA PRIVATE KEY-----\nMIIEogIBAAKCAQEAsGFlgdlqjUo46ryc7Y5q/u5Am7e0fMBlzeatxTD6e/15sMUv\nXbp27z+FMVXuv/qmoGki+yScRZZAswFVyhxt2Duu9d4WhXTZX/aNC+bmH51OUdpV\nrJ8gV2DSCXT1V+L+lIL4c8ULWrZNLYNQT53pFTHAYkwVuNT/hJ/+eDRWP/aMoBTO\nKdC9HlBZl9ZWdOorctnsOl/jGk6kY2FyLpLe9JWfNlGDpeCRCL0gihpazKC35o2X\nVxtpfcadRnymU86fL1lnWuytsFbO/elNn9cgPa5Hz57yh7en2+j5H9BGWIy5YN5+\nuoZ23CbyntRFgNcQm++/YS2PgBciWEZiLHZWgQIDAQABAoIBAH3D1OczqcA5LkBi\nYNsac7x3EeZ2pOFXJsAcPcefVtvWL1EWKOICNQ//EO/OwEBvbyRuEx1US4Fq05NP\n3mYQw1otpGF4DEL4wI6mdIgKCgh81/2RWwmNJThotxs7JD2Yg8JNaO7Tj3cNChbr\nzPYYOLx+DxmH+u0iI1fj5US8vMs5xyWHaw/xt9lENoZD+K4aP5+P7PfReJ5uhdoH\nl+mRri9b+o77CV7slbln61SmlyUdTPfkmZv++UgwPGetRPkwHiqIshMwxUvkYsVx\nEgaUTw6WZyXpLY3C58p2Gul4wBCgwN+DzhMgPfW6SxgYt+x5R9wMxdTGKn9mbnyQ\nOddKeAECgYEA6oVEHNnaJvsY94BkYyZoLtvSU5Ou0yy7emD1Jw3Js2JVufK4njjw\nuuJIFu+l2zU+nidpG2ilFMidRw8yRAEKzeO/jZHxQ2FdA4mKaqALaWbtjqsnIc/j\nAmi85XaSB/haXZlsSyhEk3f7YQrmcBgZu0JQ2+KQ1b0yXrEZJXcSKSECgYEAwIjv\nvYKwFQfx892wvL4bLstASFoXiVlhkrquuTD4jDahRFb+GZnTfQTHVtJxio97KGOX\nhQ4XMvSBBNTFXi3hEGxmcz5HQ82zeM9o2WGaZpaPsa3nwusrqm15r3+hyVonuPD0\n7/bZCfr/LdwteB5TtdkhL0iYrPo1S6xa8hjXoWECgYBHyYVhA3qYphItaNrR0ubf\nOSC3vqQsNiwpONayHrFYPMibA+ZpYGqn+i4w/yiY4kKJrOyqnCy0IPir0MYFNQB2\np7lx/3OHuZz8QTTikJ0NpZkgK9ntqrIFgcQYxWPMFsSqlBUnKGtdbMPBH9IMDASM\nYq9Xr5HAK4rom3NkGX+woQKBgAK878veI+ropgQ1zuGgQnqz4UImJdeKMd0IUpvH\nmoFD9Z8nLY3nph5NBxiw/XRe/f1hDTKTNLlAyOTssbHZLS4ynHJfHFxWfIrnSDJv\nNObolTqNopIfDgvqaqSYSBC4+3+hzZnsBMIjk6VvUCY5KC+Z2uL1QVaUaFWfKdvv\nhoGBAoGATK2WVCp+StVzdAyDBbgUa+2hYvZjDMhxUGQ09gmlgDfCksJgI8bYwcsx\n4N9u/ECtmOXUGy/+OaHJLgcJkQkzhzEF5CKzkd2OF+tZgWQNCIVjXErwB5W/ZXYq\n/HXNWL14Kzok71YttSwrJewWJqVVnCjyoSkPdPx4D6Hu4aKK3+4=\n-----END RSA PRIVATE KEY-----",
            "timeouts": null
          },
          "sensitive_attributes": [],
          "private": "eyJlMmJmYjczMC1lY2FhLTExZTYtOGY4OC0zNDM2M2JjN2M0YzAiOnsiY3JlYXRlIjozMDAwMDAwMDAwMDAsImRlbGV0ZSI6MzAwMDAwMDAwMDAwfX0="
        }
      ]
    },
    {
      "mode": "managed",
      "type": "ncloud_public_ip",
      "name": "bastion-pub-ip",
      "provider": "provider[\"registry.terraform.io/navercloudplatform/ncloud\"]",
      "instances": [
        {
          "index_key": 0,
          "schema_version": 0,
          "attributes": {
            "description": "",
            "id": "7732935",
            "instance_no": "7732935",
            "internet_line_type": "PUBLC",
            "kind_type": "GEN",
            "public_ip": "118.67.135.58",
            "public_ip_no": "7732935",
            "server_instance_no": "7732868",
            "zone": "KR-2"
          },
          "sensitive_attributes": [],
          "private": "bnVsbA==",
          "dependencies": [
            "ncloud_login_key.loginkey",
            "ncloud_server.bastion-server"
          ]
        },
        {
          "index_key": 1,
          "schema_version": 0,
          "attributes": {
            "description": "",
            "id": "7732937",
            "instance_no": "7732937",
            "internet_line_type": "PUBLC",
            "kind_type": "GEN",
            "public_ip": "115.85.182.141",
            "public_ip_no": "7732937",
            "server_instance_no": "7732869",
            "zone": "KR-2"
          },
          "sensitive_attributes": [],
          "private": "bnVsbA==",
          "dependencies": [
            "ncloud_login_key.loginkey",
            "ncloud_server.bastion-server"
          ]
        },
        {
          "index_key": 2,
          "schema_version": 0,
          "attributes": {
            "description": "",
            "id": "7732936",
            "instance_no": "7732936",
            "internet_line_type": "PUBLC",
            "kind_type": "GEN",
            "public_ip": "101.101.217.79",
            "public_ip_no": "7732936",
            "server_instance_no": "7732870",
            "zone": "KR-2"
          },
          "sensitive_attributes": [],
          "private": "bnVsbA==",
          "dependencies": [
            "ncloud_login_key.loginkey",
            "ncloud_server.bastion-server"
          ]
        }
      ]
    },
    {
      "mode": "managed",
      "type": "ncloud_server",
      "name": "bastion-server",
      "provider": "provider[\"registry.terraform.io/navercloudplatform/ncloud\"]",
      "instances": [
        {
          "index_key": 0,
          "schema_version": 0,
          "attributes": {
            "access_control_group_configuration_no_list": null,
            "base_block_storage_disk_detail_type": "HDD",
            "base_block_storage_disk_type": "NET",
            "base_block_storage_size": 53687091200,
            "cpu_count": 2,
            "description": "",
            "fee_system_type_code": null,
            "id": "7732868",
            "init_script_no": null,
            "instance_no": "7732868",
            "internet_line_type": "PUBLC",
            "is_encrypted_base_block_storage_volume": null,
            "is_fee_charging_monitoring": false,
            "is_protect_server_termination": false,
            "login_key_name": "Terraform-classic-dayeon-key",
            "member_server_image_no": null,
            "memory_size": 4294967296,
            "name": "tf-dayeon-bastion-vm1",
            "network_interface": null,
            "placement_group_no": null,
            "platform_type": "LNX64",
            "port_forwarding_external_port": null,
            "port_forwarding_internal_port": null,
            "port_forwarding_public_ip": "106.10.37.45",
            "private_ip": "10.41.168.225",
            "public_ip": "",
            "raid_type_name": null,
            "region": null,
            "server_image_name": "centos-7.3-64",
            "server_image_product_code": "SPSW0LINUX000046",
            "server_product_code": "SPSVRSTAND000004",
            "subnet_no": null,
            "tag_list": [],
            "timeouts": null,
            "user_data": null,
            "vpc_no": null,
            "zone": "KR-2"
          },
          "sensitive_attributes": [],
          "private": "eyJlMmJmYjczMC1lY2FhLTExZTYtOGY4OC0zNDM2M2JjN2M0YzAiOnsiY3JlYXRlIjozNjAwMDAwMDAwMDAwLCJkZWxldGUiOjMwMDAwMDAwMDAwMH19",
          "dependencies": [
            "ncloud_login_key.loginkey"
          ]
        },
        {
          "index_key": 1,
          "schema_version": 0,
          "attributes": {
            "access_control_group_configuration_no_list": null,
            "base_block_storage_disk_detail_type": "HDD",
            "base_block_storage_disk_type": "NET",
            "base_block_storage_size": 53687091200,
            "cpu_count": 2,
            "description": "",
            "fee_system_type_code": null,
            "id": "7732869",
            "init_script_no": null,
            "instance_no": "7732869",
            "internet_line_type": "PUBLC",
            "is_encrypted_base_block_storage_volume": null,
            "is_fee_charging_monitoring": false,
            "is_protect_server_termination": false,
            "login_key_name": "Terraform-classic-dayeon-key",
            "member_server_image_no": null,
            "memory_size": 4294967296,
            "name": "tf-dayeon-bastion-vm2",
            "network_interface": null,
            "placement_group_no": null,
            "platform_type": "LNX64",
            "port_forwarding_external_port": null,
            "port_forwarding_internal_port": null,
            "port_forwarding_public_ip": "106.10.37.45",
            "private_ip": "10.41.168.157",
            "public_ip": "",
            "raid_type_name": null,
            "region": null,
            "server_image_name": "centos-7.3-64",
            "server_image_product_code": "SPSW0LINUX000046",
            "server_product_code": "SPSVRSTAND000004",
            "subnet_no": null,
            "tag_list": [],
            "timeouts": null,
            "user_data": null,
            "vpc_no": null,
            "zone": "KR-2"
          },
          "sensitive_attributes": [],
          "private": "eyJlMmJmYjczMC1lY2FhLTExZTYtOGY4OC0zNDM2M2JjN2M0YzAiOnsiY3JlYXRlIjozNjAwMDAwMDAwMDAwLCJkZWxldGUiOjMwMDAwMDAwMDAwMH19",
          "dependencies": [
            "ncloud_login_key.loginkey"
          ]
        },
        {
          "index_key": 2,
          "schema_version": 0,
          "attributes": {
            "access_control_group_configuration_no_list": null,
            "base_block_storage_disk_detail_type": "HDD",
            "base_block_storage_disk_type": "NET",
            "base_block_storage_size": 53687091200,
            "cpu_count": 2,
            "description": "",
            "fee_system_type_code": null,
            "id": "7732870",
            "init_script_no": null,
            "instance_no": "7732870",
            "internet_line_type": "PUBLC",
            "is_encrypted_base_block_storage_volume": null,
            "is_fee_charging_monitoring": false,
            "is_protect_server_termination": false,
            "login_key_name": "Terraform-classic-dayeon-key",
            "member_server_image_no": null,
            "memory_size": 4294967296,
            "name": "tf-dayeon-bastion-vm3",
            "network_interface": null,
            "placement_group_no": null,
            "platform_type": "LNX64",
            "port_forwarding_external_port": null,
            "port_forwarding_internal_port": null,
            "port_forwarding_public_ip": "106.10.37.45",
            "private_ip": "10.41.169.160",
            "public_ip": "",
            "raid_type_name": null,
            "region": null,
            "server_image_name": "centos-7.3-64",
            "server_image_product_code": "SPSW0LINUX000046",
            "server_product_code": "SPSVRSTAND000004",
            "subnet_no": null,
            "tag_list": [],
            "timeouts": null,
            "user_data": null,
            "vpc_no": null,
            "zone": "KR-2"
          },
          "sensitive_attributes": [],
          "private": "eyJlMmJmYjczMC1lY2FhLTExZTYtOGY4OC0zNDM2M2JjN2M0YzAiOnsiY3JlYXRlIjozNjAwMDAwMDAwMDAwLCJkZWxldGUiOjMwMDAwMDAwMDAwMH19",
          "dependencies": [
            "ncloud_login_key.loginkey"
          ]
        }
      ]
    },
    {
      "mode": "managed",
      "type": "null_resource",
      "name": "bastion-setup",
      "provider": "provider[\"registry.terraform.io/hashicorp/null\"]",
      "instances": [
        {
          "index_key": 0,
          "schema_version": 0,
          "attributes": {
            "id": "1134043259216269777",
            "triggers": null
          },
          "sensitive_attributes": [],
          "private": "bnVsbA==",
          "dependencies": [
            "data.ncloud_root_password.bastion-root-password",
            "ncloud_login_key.loginkey",
            "ncloud_public_ip.bastion-pub-ip",
            "ncloud_server.bastion-server"
          ]
        },
        {
          "index_key": 1,
          "schema_version": 0,
          "attributes": {
            "id": "5803471923054696868",
            "triggers": null
          },
          "sensitive_attributes": [],
          "private": "bnVsbA==",
          "dependencies": [
            "data.ncloud_root_password.bastion-root-password",
            "ncloud_login_key.loginkey",
            "ncloud_public_ip.bastion-pub-ip",
            "ncloud_server.bastion-server"
          ]
        },
        {
          "index_key": 2,
          "schema_version": 0,
          "attributes": {
            "id": "6768365624183974063",
            "triggers": null
          },
          "sensitive_attributes": [],
          "private": "bnVsbA==",
          "dependencies": [
            "data.ncloud_root_password.bastion-root-password",
            "ncloud_login_key.loginkey",
            "ncloud_public_ip.bastion-pub-ip",
            "ncloud_server.bastion-server"
          ]
        }
      ]
    }
  ]
}
