{
  "version": 4,
  "terraform_version": "0.13.5",
  "serial": 6,
  "lineage": "619f67a5-aabe-ec2c-e246-8245e950983b",
  "outputs": {},
  "resources": [
    {
      "mode": "data",
      "type": "ncloud_access_control_group",
      "name": "acg",
      "provider": "provider[\"registry.terraform.io/navercloudplatform/ncloud\"]",
      "instances": [
        {
          "schema_version": 0,
          "attributes": {
            "access_control_group_no": "16674",
            "configuration_no": null,
            "description": "",
            "filter": null,
            "id": "16674",
            "is_default": false,
            "is_default_group": null,
            "name": "tf-kcg-vpc01-acg",
            "vpc_no": "11403"
          }
        }
      ]
    },
    {
      "mode": "data",
      "type": "ncloud_init_script",
      "name": "init-exechost1",
      "provider": "provider[\"registry.terraform.io/navercloudplatform/ncloud\"]",
      "instances": [
        {
          "schema_version": 0,
          "attributes": {
            "description": "",
            "filter": null,
            "id": "11987",
            "init_script_no": "11987",
            "name": "tf-init-exechost-centos",
            "os_type": "LNX"
          }
        }
      ]
    },
    {
      "mode": "data",
      "type": "ncloud_subnet",
      "name": "exechost1_priv_subnet",
      "provider": "provider[\"registry.terraform.io/navercloudplatform/ncloud\"]",
      "instances": [
        {
          "schema_version": 0,
          "attributes": {
            "filter": [
              {
                "name": "name",
                "regex": false,
                "values": [
                  "tf-kcg-vpc01-priv-subnet1"
                ]
              }
            ],
            "id": "16462",
            "name": "tf-kcg-vpc01-priv-subnet1",
            "network_acl_no": "14149",
            "subnet": "10.200.20.0/24",
            "subnet_no": "16462",
            "subnet_type": "PRIVATE",
            "usage_type": "GEN",
            "vpc_no": "11403",
            "zone": "FKR-2"
          }
        }
      ]
    },
    {
      "mode": "data",
      "type": "ncloud_vpc",
      "name": "vpc",
      "provider": "provider[\"registry.terraform.io/navercloudplatform/ncloud\"]",
      "instances": [
        {
          "schema_version": 0,
          "attributes": {
            "default_access_control_group_no": null,
            "default_network_acl_no": null,
            "default_private_route_table_no": null,
            "default_public_route_table_no": null,
            "filter": null,
            "id": "11403",
            "ipv4_cidr_block": "10.200.0.0/16",
            "name": "tf-kcg-vpc01",
            "vpc_no": "11403"
          }
        }
      ]
    },
    {
      "mode": "managed",
      "type": "ncloud_login_key",
      "name": "loginkey",
      "provider": "provider[\"registry.terraform.io/navercloudplatform/ncloud\"]",
      "instances": [
        {
          "schema_version": 0,
          "attributes": {
            "fingerprint": "7e:74:56:88:11:3b:52:89:99:bd:49:c2:3d:46:47:db",
            "id": "Terraform-kcg-exechost1-key",
            "key_name": "Terraform-kcg-exechost1-key",
            "private_key": "-----BEGIN RSA PRIVATE KEY-----\nMIIEowIBAAKCAQEAiO0w3pYViyV4nXoYr1PyMyGowlBqm+kfXX5jnz5AiUh7LxR2\npS2yqu3TbMnYWCiw+GEFJ//RIWD9WIn4SZMt2rx9XS0neSyzndckCTefjPYt+FP9\nBvA1rL0707S73jHYR+08mw/pF1CvnXcaRzsg1CXV9UTtzH/Ua/pSb1eZ+Le47ijO\nN5YejkV3PglY7mrUkFSZN+Mt2wqSRlGnvjC8rOdZvZvmTfrUn43wfPC01iwzzP01\nYR+DBLNWpNfb4FpfVQFtBXc8PuOxMJTnrsp3GH/RlyqTXeVVx3fW7HpLpmw7iG3B\n/eYy2nfrXxhK5iJmPcgyXjj4HaFh8yzXuerWJQIDAQABAoIBABk8DVuYMVQ5jacI\nD3CQefxuYZmeFGezaPJkDpwUbvReBUXB8bOzXlAeEG7mLBbjOOothzO9857BLy+Y\nDcgRdcvwHPKFFddBI8EdGykPtTnXTNWNNP6IWnwBS/tSPaVPblqjIB47qmt/lT3h\n61fhT8WJS4suLt0XWeCke3jFnjy16bRHMpzh8S8osHN7ir/0S8fJu6wolRbKdVIL\nk36RmAJX0uPYDkE6ILfYMuwL4hWLx2mF/QigEjKSgXg997bYWe+eeYKnbnF3l+QM\nDPY27dCW5EON4w5v3amJtvFMckiKenO4f6CUhb5ay34t5DkA1KTkZ/jfDiHCSeZM\nvc6ODAECgYEA1CqagVQs+dxz61boeJ0aFj+fctw670GcdZF2PqcOGHT7MIoTayK4\nGa+UFUJhvqAO0XVzBAGkAI0/4qrww5Va/EQKzD8Ee3Kjr0qq9/pUMg5kjPstOItm\n4JaRqSROuPAyHeV63CtelxxLWw3NNj1FKTLzWmkI4KzwTR+yT3mGtaUCgYEApTcu\nAt8o61vEadvv87N4mMFEMF1Y8lnaYG/TR/rWXhrYgfmxDB6T3jUYs2sUR3HjoItl\nmPbAwmD4AlokemlDc1hXYg4G4wfkwMAlAhjYs4VdbCaa/pKBl7XEIOp6Qod+8Bqv\nAEBnguzrifsKV0eN48XBB1LvbIB+pKWOMw9utoECgYAIKve1wOLWX6lKxxa+BfZK\nIvrldhsCuPjoAciWkuHVCTPeY4Jp3nVN79d4lgyjRRAs+iOKZPHGX6m09TW9odNV\n4Ny1jjuC8R/iELLSRx3Uq38tekH8akl0nfdPlqk9L2oOgpYfQcArexhfkgFzdBpk\ngqSht2dzFtVNcsnvi1MnTQKBgQCYPNlb8hA9l4jMVsqrkBOvBl90BYAhiSRNup1A\ndWW0vx4D3nYDCeYNWnXRVfkQwGQUmn5azfze4AWH/VIhrf9mOOAETZKQ/sQNzMAN\nR6HfAiQMtSIbNBrQFcCM6CMSTNJuIthg7fezz+ZWdYmY1Sls2ds9iXFvVJPd2WPH\nrw/AgQKBgCctjmAh6u13xsbzSUZON4cbU6aX3TOaZh1jWJAATA1+Whw77COUZ218\nLSRegHaBUDKkvePU15Y1zzp5qE8WxQPOahwWvkP8NvinoLWsqlXTTxCX7jRSFdg7\n8m3k2veX9ruMa0uQgiKd7q49qIXXLrKr+X59sHfVArIombI2NRtw\n-----END RSA PRIVATE KEY-----",
            "timeouts": null
          },
          "private": "eyJlMmJmYjczMC1lY2FhLTExZTYtOGY4OC0zNDM2M2JjN2M0YzAiOnsiY3JlYXRlIjozMDAwMDAwMDAwMDAsImRlbGV0ZSI6MzAwMDAwMDAwMDAwfX0="
        }
      ]
    },
    {
      "mode": "managed",
      "type": "ncloud_network_interface",
      "name": "exechost1-nic",
      "provider": "provider[\"registry.terraform.io/navercloudplatform/ncloud\"]",
      "instances": [
        {
          "index_key": 0,
          "schema_version": 0,
          "attributes": {
            "access_control_groups": [
              "16674"
            ],
            "description": "",
            "id": "139151",
            "instance_type": null,
            "is_default": false,
            "name": "tf-kcg-exechost1-nic1",
            "network_interface_no": "139151",
            "private_ip": "10.200.20.6",
            "server_instance_no": "",
            "status": "NOTUSED",
            "subnet_no": "16462"
          },
          "private": "bnVsbA==",
          "dependencies": [
            "data.ncloud_access_control_group.acg",
            "data.ncloud_subnet.exechost1_priv_subnet"
          ]
        },
        {
          "index_key": 1,
          "schema_version": 0,
          "attributes": {
            "access_control_groups": [
              "16674"
            ],
            "description": "",
            "id": "139152",
            "instance_type": null,
            "is_default": false,
            "name": "tf-kcg-exechost1-nic2",
            "network_interface_no": "139152",
            "private_ip": "10.200.20.7",
            "server_instance_no": "",
            "status": "NOTUSED",
            "subnet_no": "16462"
          },
          "private": "bnVsbA==",
          "dependencies": [
            "data.ncloud_access_control_group.acg",
            "data.ncloud_subnet.exechost1_priv_subnet"
          ]
        }
      ]
    },
    {
      "mode": "managed",
      "type": "ncloud_server",
      "name": "exechost1-server",
      "provider": "provider[\"registry.terraform.io/navercloudplatform/ncloud\"]",
      "instances": [
        {
          "index_key": 0,
          "schema_version": 0,
          "attributes": {
            "access_control_group_configuration_no_list": null,
            "base_block_storage_disk_detail_type": "HDD",
            "base_block_storage_disk_type": "NET",
            "base_block_storage_size": null,
            "cpu_count": 2,
            "description": "",
            "fee_system_type_code": null,
            "id": "7538379",
            "init_script_no": "11987",
            "instance_no": "7538379",
            "internet_line_type": null,
            "is_encrypted_base_block_storage_volume": null,
            "is_fee_charging_monitoring": null,
            "is_protect_server_termination": false,
            "login_key_name": "Terraform-kcg-exechost1-key",
            "member_server_image_no": null,
            "memory_size": 4294967296,
            "name": "tf-kcg-exechost1-server1",
            "network_interface": [
              {
                "network_interface_no": "139151",
                "order": 0,
                "private_ip": "10.200.20.6",
                "subnet_no": "16462"
              }
            ],
            "placement_group_no": "",
            "platform_type": "LNX64",
            "port_forwarding_external_port": null,
            "port_forwarding_internal_port": null,
            "port_forwarding_public_ip": null,
            "private_ip": null,
            "public_ip": "",
            "raid_type_name": null,
            "region": null,
            "server_image_name": null,
            "server_image_product_code": "SW.VSVR.OS.LNX64.CNTOS.0708.B050",
            "server_product_code": "SVR.VSVR.STAND.C002.M004.NET.HDD.B050.G001",
            "subnet_no": "16462",
            "tag_list": [],
            "timeouts": null,
            "user_data": null,
            "vpc_no": "11403",
            "zone": "FKR-2"
          },
          "private": "eyJlMmJmYjczMC1lY2FhLTExZTYtOGY4OC0zNDM2M2JjN2M0YzAiOnsiY3JlYXRlIjozNjAwMDAwMDAwMDAwLCJkZWxldGUiOjMwMDAwMDAwMDAwMH19",
          "dependencies": [
            "data.ncloud_access_control_group.acg",
            "data.ncloud_init_script.init-exechost1",
            "data.ncloud_subnet.exechost1_priv_subnet",
            "ncloud_login_key.loginkey",
            "ncloud_network_interface.exechost1-nic"
          ]
        },
        {
          "index_key": 1,
          "schema_version": 0,
          "attributes": {
            "access_control_group_configuration_no_list": null,
            "base_block_storage_disk_detail_type": "HDD",
            "base_block_storage_disk_type": "NET",
            "base_block_storage_size": null,
            "cpu_count": 2,
            "description": "",
            "fee_system_type_code": null,
            "id": "7538380",
            "init_script_no": "11987",
            "instance_no": "7538380",
            "internet_line_type": null,
            "is_encrypted_base_block_storage_volume": null,
            "is_fee_charging_monitoring": null,
            "is_protect_server_termination": false,
            "login_key_name": "Terraform-kcg-exechost1-key",
            "member_server_image_no": null,
            "memory_size": 4294967296,
            "name": "tf-kcg-exechost1-server2",
            "network_interface": [
              {
                "network_interface_no": "139152",
                "order": 0,
                "private_ip": "10.200.20.7",
                "subnet_no": "16462"
              }
            ],
            "placement_group_no": "",
            "platform_type": "LNX64",
            "port_forwarding_external_port": null,
            "port_forwarding_internal_port": null,
            "port_forwarding_public_ip": null,
            "private_ip": null,
            "public_ip": "",
            "raid_type_name": null,
            "region": null,
            "server_image_name": null,
            "server_image_product_code": "SW.VSVR.OS.LNX64.CNTOS.0708.B050",
            "server_product_code": "SVR.VSVR.STAND.C002.M004.NET.HDD.B050.G001",
            "subnet_no": "16462",
            "tag_list": [],
            "timeouts": null,
            "user_data": null,
            "vpc_no": "11403",
            "zone": "FKR-2"
          },
          "private": "eyJlMmJmYjczMC1lY2FhLTExZTYtOGY4OC0zNDM2M2JjN2M0YzAiOnsiY3JlYXRlIjozNjAwMDAwMDAwMDAwLCJkZWxldGUiOjMwMDAwMDAwMDAwMH19",
          "dependencies": [
            "data.ncloud_access_control_group.acg",
            "data.ncloud_init_script.init-exechost1",
            "data.ncloud_subnet.exechost1_priv_subnet",
            "ncloud_login_key.loginkey",
            "ncloud_network_interface.exechost1-nic"
          ]
        }
      ]
    }
  ]
}
